// !$*UTF8*$!
{
	archiveVersion = 1;
	classes = {
	};
	objectVersion = 46;
	objects = {

/* Begin PBXBuildFile section */
		00114A1B9FEBC09BDC08D54B /* EventKitUI.framework in Frameworks */ = {isa = PBXBuildFile; fileRef = BC984132946913C2915C3EC8 /* EventKitUI.framework */; };
		092A44E394A2EE38D76091A2 /* MessageUI.framework in Frameworks */ = {isa = PBXBuildFile; fileRef = 08134EDAB4199B63824FA35C /* MessageUI.framework */; };
		1AC6FB21180E996B004C840B /* libcocos2d Mac.a in Frameworks */ = {isa = PBXBuildFile; fileRef = 1AC6FAF9180E9839004C840B /* libcocos2d Mac.a */; };
		1AC6FB30180E99EB004C840B /* libcocos2d iOS.a in Frameworks */ = {isa = PBXBuildFile; fileRef = 1AC6FB07180E9839004C840B /* libcocos2d iOS.a */; };
		1D60589F0D05DD5A006BFB54 /* Foundation.framework in Frameworks */ = {isa = PBXBuildFile; fileRef = 1D30AB110D05D00D00671497 /* Foundation.framework */; };
		1DF5F4E00D08C38300B7A737 /* UIKit.framework in Frameworks */ = {isa = PBXBuildFile; fileRef = 1DF5F4DF0D08C38300B7A737 /* UIKit.framework */; };
		234B422DBA581ED33613EBEA /* PluginIAP.framework in Frameworks */ = {isa = PBXBuildFile; fileRef = F12C4A668732911C0B6EC182 /* PluginIAP.framework */; };
		288765A50DF7441C002DB57D /* CoreGraphics.framework in Frameworks */ = {isa = PBXBuildFile; fileRef = 288765A40DF7441C002DB57D /* CoreGraphics.framework */; };
		294D0D641D0D56D500F7F5D4 /* CoreText.framework in Frameworks */ = {isa = PBXBuildFile; fileRef = 294D0D631D0D56D500F7F5D4 /* CoreText.framework */; };
		3B1A49F0AE7B80CC7F390956 /* FBSDKCoreKit.framework in Frameworks */ = {isa = PBXBuildFile; fileRef = F34D404B973F5E0825A6F12F /* FBSDKCoreKit.framework */; };
		503AE0F817EB97AB00D1A890 /* Icon.icns in Resources */ = {isa = PBXBuildFile; fileRef = 503AE0F617EB97AB00D1A890 /* Icon.icns */; };
		503AE10017EB989F00D1A890 /* AppController.mm in Sources */ = {isa = PBXBuildFile; fileRef = 503AE0FB17EB989F00D1A890 /* AppController.mm */; };
		503AE10117EB989F00D1A890 /* main.m in Sources */ = {isa = PBXBuildFile; fileRef = 503AE0FC17EB989F00D1A890 /* main.m */; };
		503AE10217EB989F00D1A890 /* RootViewController.mm in Sources */ = {isa = PBXBuildFile; fileRef = 503AE0FF17EB989F00D1A890 /* RootViewController.mm */; };
		503AE10517EB98FF00D1A890 /* main.cpp in Sources */ = {isa = PBXBuildFile; fileRef = 503AE10317EB98FF00D1A890 /* main.cpp */; };
		503AE11B17EB9C5A00D1A890 /* IOKit.framework in Frameworks */ = {isa = PBXBuildFile; fileRef = 503AE11A17EB9C5A00D1A890 /* IOKit.framework */; };
		5087E76317EB910900C73F5D /* Foundation.framework in Frameworks */ = {isa = PBXBuildFile; fileRef = 1D30AB110D05D00D00671497 /* Foundation.framework */; };
		5087E76717EB910900C73F5D /* libz.dylib in Frameworks */ = {isa = PBXBuildFile; fileRef = BF170DB412928DE900B8313A /* libz.dylib */; };
		5087E76817EB910900C73F5D /* QuartzCore.framework in Frameworks */ = {isa = PBXBuildFile; fileRef = BF1C47EA1293683800B63C5D /* QuartzCore.framework */; };
		5087E76917EB910900C73F5D /* OpenAL.framework in Frameworks */ = {isa = PBXBuildFile; fileRef = D44C620B132DFF330009C878 /* OpenAL.framework */; };
		5087E76A17EB910900C73F5D /* AVFoundation.framework in Frameworks */ = {isa = PBXBuildFile; fileRef = D44C620D132DFF430009C878 /* AVFoundation.framework */; };
		5087E76B17EB910900C73F5D /* AudioToolbox.framework in Frameworks */ = {isa = PBXBuildFile; fileRef = D44C620F132DFF4E0009C878 /* AudioToolbox.framework */; };
		5087E77D17EB970100C73F5D /* Default-568h@2x.png in Resources */ = {isa = PBXBuildFile; fileRef = 5087E77217EB970100C73F5D /* Default-568h@2x.png */; };
		5087E77E17EB970100C73F5D /* Default.png in Resources */ = {isa = PBXBuildFile; fileRef = 5087E77317EB970100C73F5D /* Default.png */; };
		5087E77F17EB970100C73F5D /* Default@2x.png in Resources */ = {isa = PBXBuildFile; fileRef = 5087E77417EB970100C73F5D /* Default@2x.png */; };
		5087E78017EB970100C73F5D /* Icon-114.png in Resources */ = {isa = PBXBuildFile; fileRef = 5087E77517EB970100C73F5D /* Icon-114.png */; };
		5087E78117EB970100C73F5D /* Icon-120.png in Resources */ = {isa = PBXBuildFile; fileRef = 5087E77617EB970100C73F5D /* Icon-120.png */; };
		5087E78217EB970100C73F5D /* Icon-144.png in Resources */ = {isa = PBXBuildFile; fileRef = 5087E77717EB970100C73F5D /* Icon-144.png */; };
		5087E78317EB970100C73F5D /* Icon-152.png in Resources */ = {isa = PBXBuildFile; fileRef = 5087E77817EB970100C73F5D /* Icon-152.png */; };
		5087E78417EB970100C73F5D /* Icon-57.png in Resources */ = {isa = PBXBuildFile; fileRef = 5087E77917EB970100C73F5D /* Icon-57.png */; };
		5087E78517EB970100C73F5D /* Icon-72.png in Resources */ = {isa = PBXBuildFile; fileRef = 5087E77A17EB970100C73F5D /* Icon-72.png */; };
		5087E78617EB970100C73F5D /* Icon-76.png in Resources */ = {isa = PBXBuildFile; fileRef = 5087E77B17EB970100C73F5D /* Icon-76.png */; };
		5087E78917EB974C00C73F5D /* AppKit.framework in Frameworks */ = {isa = PBXBuildFile; fileRef = 5087E78817EB974C00C73F5D /* AppKit.framework */; };
		5087E78B17EB975400C73F5D /* OpenGL.framework in Frameworks */ = {isa = PBXBuildFile; fileRef = 5087E78A17EB975400C73F5D /* OpenGL.framework */; };
		50EF629617ECD46A001EB2F8 /* Icon-40.png in Resources */ = {isa = PBXBuildFile; fileRef = 50EF629217ECD46A001EB2F8 /* Icon-40.png */; };
		50EF629717ECD46A001EB2F8 /* Icon-58.png in Resources */ = {isa = PBXBuildFile; fileRef = 50EF629317ECD46A001EB2F8 /* Icon-58.png */; };
		50EF629817ECD46A001EB2F8 /* Icon-80.png in Resources */ = {isa = PBXBuildFile; fileRef = 50EF629417ECD46A001EB2F8 /* Icon-80.png */; };
		50EF629917ECD46A001EB2F8 /* Icon-100.png in Resources */ = {isa = PBXBuildFile; fileRef = 50EF629517ECD46A001EB2F8 /* Icon-100.png */; };
		50EF62A217ECD613001EB2F8 /* Icon-29.png in Resources */ = {isa = PBXBuildFile; fileRef = 50EF62A017ECD613001EB2F8 /* Icon-29.png */; };
		50EF62A317ECD613001EB2F8 /* Icon-50.png in Resources */ = {isa = PBXBuildFile; fileRef = 50EF62A117ECD613001EB2F8 /* Icon-50.png */; };
		521A8E6419F0C34300D177D7 /* Default-667h@2x.png in Resources */ = {isa = PBXBuildFile; fileRef = 521A8E6219F0C34300D177D7 /* Default-667h@2x.png */; };
		521A8E6519F0C34300D177D7 /* Default-736h@3x.png in Resources */ = {isa = PBXBuildFile; fileRef = 521A8E6319F0C34300D177D7 /* Default-736h@3x.png */; };
		52B47A471A53D09C004E4C60 /* Security.framework in Frameworks */ = {isa = PBXBuildFile; fileRef = 52B47A461A53D09B004E4C60 /* Security.framework */; };
		572B4823AA9027025308CE56 /* FBSDKShareKit.framework in Frameworks */ = {isa = PBXBuildFile; fileRef = 92654CD08894AA2A0F06F3A7 /* FBSDKShareKit.framework */; };
		5EFC4FEAB376D1C17FC4F989 /* PluginChartboost.framework in Frameworks */ = {isa = PBXBuildFile; fileRef = 8C3E4961828073CD7430138F /* PluginChartboost.framework */; };
		5F5D45ECB9FA48AF04CBE551 /* GoogleMobileAds.framework in Frameworks */ = {isa = PBXBuildFile; fileRef = 9ABA4056A442E92DB4C2F6A2 /* GoogleMobileAds.framework */; };
		6219494298F42C74D51EB10F /* GLKit.framework in Frameworks */ = {isa = PBXBuildFile; fileRef = DE774DF395989FF6116184A8 /* GLKit.framework */; };
		6B264E5BA6EB837F3B7EAD45 /* AdSupport.framework in Frameworks */ = {isa = PBXBuildFile; fileRef = A17748DBB87031E29E973800 /* AdSupport.framework */; };
		705D4C489F551897FABEED3F /* MediaPlayer.framework in Frameworks */ = {isa = PBXBuildFile; fileRef = 96B24715BFAF9F896112A4BF /* MediaPlayer.framework */; };
		705F4839AE7749518C234619 /* SystemConfiguration.framework in Frameworks */ = {isa = PBXBuildFile; fileRef = F70747E3A243DE6FFCD20BC9 /* SystemConfiguration.framework */; };
		7418450B90C4D86C7F49DE68 /* CoreVideo.framework in Frameworks */ = {isa = PBXBuildFile; fileRef = CFC34401A431B13A4708A40A /* CoreVideo.framework */; };
		7E124729B78853BF2EE5FAFA /* GameController.framework in Frameworks */ = {isa = PBXBuildFile; fileRef = F32C43A1AE3C253C739CCF91 /* GameController.framework */; };
		80FC4BFA91382F1673D772C4 /* SafariServices.framework in Frameworks */ = {isa = PBXBuildFile; fileRef = 56304CB6855066DB0098D7A0 /* SafariServices.framework */; };
		8262943E1AAF051F00CB7CF7 /* Security.framework in Frameworks */ = {isa = PBXBuildFile; fileRef = 8262943D1AAF051F00CB7CF7 /* Security.framework */; };
		8D6749A892490CA8C89097C7 /* sdkbox.framework in Frameworks */ = {isa = PBXBuildFile; fileRef = A73041E381C1FE16EB7B0F03 /* sdkbox.framework */; };
		94C7495B9F8B04FB4CE13F96 /* StoreKit.framework in Frameworks */ = {isa = PBXBuildFile; fileRef = 474A4B4BA848CD137E3B11A7 /* StoreKit.framework */; };
		99D64DC79D03B51ACF586432 /* EventKit.framework in Frameworks */ = {isa = PBXBuildFile; fileRef = 14E24449B963C871FED564C6 /* EventKit.framework */; };
		A415C9281E08EABE00B81E0C /* .DS_Store in Resources */ = {isa = PBXBuildFile; fileRef = A415C9171E08EABE00B81E0C /* .DS_Store */; };
		A415C9291E08EABE00B81E0C /* albumscene in Resources */ = {isa = PBXBuildFile; fileRef = A415C9181E08EABE00B81E0C /* albumscene */; };
		A415C92A1E08EABE00B81E0C /* background.png in Resources */ = {isa = PBXBuildFile; fileRef = A415C9191E08EABE00B81E0C /* background.png */; };
		A415C92B1E08EABE00B81E0C /* fonts in Resources */ = {isa = PBXBuildFile; fileRef = A415C91A1E08EABE00B81E0C /* fonts */; };
		A415C92C1E08EABE00B81E0C /* homescene in Resources */ = {isa = PBXBuildFile; fileRef = A415C91B1E08EABE00B81E0C /* homescene */; };
		A415C92D1E08EABE00B81E0C /* layer in Resources */ = {isa = PBXBuildFile; fileRef = A415C91C1E08EABE00B81E0C /* layer */; };
		A415C92E1E08EABE00B81E0C /* levelscene in Resources */ = {isa = PBXBuildFile; fileRef = A415C91D1E08EABE00B81E0C /* levelscene */; };
		A415C92F1E08EABE00B81E0C /* packetscene in Resources */ = {isa = PBXBuildFile; fileRef = A415C91E1E08EABE00B81E0C /* packetscene */; };
		A415C9301E08EABE00B81E0C /* playscene in Resources */ = {isa = PBXBuildFile; fileRef = A415C91F1E08EABE00B81E0C /* playscene */; };
		A415C9311E08EABE00B81E0C /* sdkbox_config.json in Resources */ = {isa = PBXBuildFile; fileRef = A415C9201E08EABE00B81E0C /* sdkbox_config.json */; };
		A415C9321E08EABE00B81E0C /* settingscene in Resources */ = {isa = PBXBuildFile; fileRef = A415C9211E08EABE00B81E0C /* settingscene */; };
		A415C9331E08EABE00B81E0C /* sound in Resources */ = {isa = PBXBuildFile; fileRef = A415C9221E08EABE00B81E0C /* sound */; };
		A415C9341E08EABE00B81E0C /* splashlogo.png in Resources */ = {isa = PBXBuildFile; fileRef = A415C9231E08EABE00B81E0C /* splashlogo.png */; };
		A415C9351E08EABE00B81E0C /* splashscene in Resources */ = {isa = PBXBuildFile; fileRef = A415C9241E08EABE00B81E0C /* splashscene */; };
		A415C9361E08EABE00B81E0C /* sticker in Resources */ = {isa = PBXBuildFile; fileRef = A415C9251E08EABE00B81E0C /* sticker */; };
		A415C9371E08EABE00B81E0C /* stickerscene in Resources */ = {isa = PBXBuildFile; fileRef = A415C9261E08EABE00B81E0C /* stickerscene */; };
		A415C9381E08EABE00B81E0C /* tradescene in Resources */ = {isa = PBXBuildFile; fileRef = A415C9271E08EABE00B81E0C /* tradescene */; };
		A415C9821E08EADE00B81E0C /* AlbumScene.cpp in Sources */ = {isa = PBXBuildFile; fileRef = A415C9391E08EADE00B81E0C /* AlbumScene.cpp */; };
		A415C9831E08EADE00B81E0C /* AppDelegate.cpp in Sources */ = {isa = PBXBuildFile; fileRef = A415C93B1E08EADE00B81E0C /* AppDelegate.cpp */; };
		A415C9841E08EADE00B81E0C /* BaseScene.cpp in Sources */ = {isa = PBXBuildFile; fileRef = A415C93D1E08EADE00B81E0C /* BaseScene.cpp */; };
		A415C9851E08EADE00B81E0C /* CppUtils.cpp in Sources */ = {isa = PBXBuildFile; fileRef = A415C9451E08EADE00B81E0C /* CppUtils.cpp */; };
		A415C9861E08EADE00B81E0C /* RiddleHelper.cpp in Sources */ = {isa = PBXBuildFile; fileRef = A415C9481E08EADE00B81E0C /* RiddleHelper.cpp */; };
		A415C9871E08EADE00B81E0C /* SocialPlugin.cpp in Sources */ = {isa = PBXBuildFile; fileRef = A415C94A1E08EADE00B81E0C /* SocialPlugin.cpp */; };
		A415C9881E08EADE00B81E0C /* StickerHelper.cpp in Sources */ = {isa = PBXBuildFile; fileRef = A415C94C1E08EADE00B81E0C /* StickerHelper.cpp */; };
		A415C9891E08EADE00B81E0C /* HomeScene.cpp in Sources */ = {isa = PBXBuildFile; fileRef = A415C94E1E08EADE00B81E0C /* HomeScene.cpp */; };
		A415C98A1E08EADE00B81E0C /* dump.c in Sources */ = {isa = PBXBuildFile; fileRef = A415C9511E08EADE00B81E0C /* dump.c */; };
		A415C98B1E08EADE00B81E0C /* error.c in Sources */ = {isa = PBXBuildFile; fileRef = A415C9521E08EADE00B81E0C /* error.c */; };
		A415C98C1E08EADE00B81E0C /* hashtable.c in Sources */ = {isa = PBXBuildFile; fileRef = A415C9531E08EADE00B81E0C /* hashtable.c */; };
		A415C98D1E08EADE00B81E0C /* load.c in Sources */ = {isa = PBXBuildFile; fileRef = A415C9581E08EADE00B81E0C /* load.c */; };
		A415C98E1E08EADE00B81E0C /* memory.c in Sources */ = {isa = PBXBuildFile; fileRef = A415C9591E08EADE00B81E0C /* memory.c */; };
		A415C98F1E08EADE00B81E0C /* pack_unpack.c in Sources */ = {isa = PBXBuildFile; fileRef = A415C95A1E08EADE00B81E0C /* pack_unpack.c */; };
		A415C9901E08EADE00B81E0C /* strbuffer.c in Sources */ = {isa = PBXBuildFile; fileRef = A415C95B1E08EADE00B81E0C /* strbuffer.c */; };
		A415C9911E08EADE00B81E0C /* strconv.c in Sources */ = {isa = PBXBuildFile; fileRef = A415C95D1E08EADE00B81E0C /* strconv.c */; };
		A415C9921E08EADE00B81E0C /* utf.c in Sources */ = {isa = PBXBuildFile; fileRef = A415C95E1E08EADE00B81E0C /* utf.c */; };
		A415C9931E08EADE00B81E0C /* value.c in Sources */ = {isa = PBXBuildFile; fileRef = A415C9601E08EADE00B81E0C /* value.c */; };
		A415C9941E08EADE00B81E0C /* LevelScene.cpp in Sources */ = {isa = PBXBuildFile; fileRef = A415C9611E08EADE00B81E0C /* LevelScene.cpp */; };
		A415C9951E08EADE00B81E0C /* NDKCallbackNode.cpp in Sources */ = {isa = PBXBuildFile; fileRef = A415C9641E08EADE00B81E0C /* NDKCallbackNode.cpp */; };
		A415C9961E08EADE00B81E0C /* NDKHelper.cpp in Sources */ = {isa = PBXBuildFile; fileRef = A415C9661E08EADE00B81E0C /* NDKHelper.cpp */; };
		A415C9971E08EADE00B81E0C /* PacketScene.cpp in Sources */ = {isa = PBXBuildFile; fileRef = A415C9681E08EADE00B81E0C /* PacketScene.cpp */; };
		A415C9981E08EADE00B81E0C /* SettingScene.cpp in Sources */ = {isa = PBXBuildFile; fileRef = A415C96A1E08EADE00B81E0C /* SettingScene.cpp */; };
		A415C9991E08EADE00B81E0C /* SplashScene.cpp in Sources */ = {isa = PBXBuildFile; fileRef = A415C96C1E08EADE00B81E0C /* SplashScene.cpp */; };
		A415C99A1E08EADE00B81E0C /* StickerScene.cpp in Sources */ = {isa = PBXBuildFile; fileRef = A415C96E1E08EADE00B81E0C /* StickerScene.cpp */; };
		A415C99B1E08EADE00B81E0C /* FacebookHandler.cpp in Sources */ = {isa = PBXBuildFile; fileRef = A415C9721E08EADE00B81E0C /* FacebookHandler.cpp */; };
		A415C99C1E08EADE00B81E0C /* FirebaseHandler.cpp in Sources */ = {isa = PBXBuildFile; fileRef = A415C9751E08EADE00B81E0C /* FirebaseHandler.cpp */; };
		A415C99D1E08EADE00B81E0C /* BUserInfor.cpp in Sources */ = {isa = PBXBuildFile; fileRef = A415C9781E08EADE00B81E0C /* BUserInfor.cpp */; };
		A415C99E1E08EADE00B81E0C /* TradingScene.cpp in Sources */ = {isa = PBXBuildFile; fileRef = A415C97B1E08EADE00B81E0C /* TradingScene.cpp */; };
		A415C99F1E08EADE00B81E0C /* BLabel.cpp in Sources */ = {isa = PBXBuildFile; fileRef = A415C97E1E08EADE00B81E0C /* BLabel.cpp */; };
		A415C9A01E08EADE00B81E0C /* BScrollView.cpp in Sources */ = {isa = PBXBuildFile; fileRef = A415C9801E08EADE00B81E0C /* BScrollView.cpp */; };
		A81046CC8A76528CB30F0952 /* FBSDKLoginKit.framework in Frameworks */ = {isa = PBXBuildFile; fileRef = A90943D09521B6EDF7FABCE0 /* FBSDKLoginKit.framework */; };
		AC984CE880A9057FF5044484 /* PluginAdMob.framework in Frameworks */ = {isa = PBXBuildFile; fileRef = 9D0D4ACA969F9BB7B9BC082B /* PluginAdMob.framework */; };
		B8B647A0B29B27414D040B1F /* MobileCoreServices.framework in Frameworks */ = {isa = PBXBuildFile; fileRef = 0A0D4343ABA99530ADCDE64B /* MobileCoreServices.framework */; };
		BC084BE3A4313335B23982A8 /* Chartboost.framework in Frameworks */ = {isa = PBXBuildFile; fileRef = 48C242EDB9F0AE76D0267B91 /* Chartboost.framework */; };
		BF171245129291EC00B8313A /* OpenGLES.framework in Frameworks */ = {isa = PBXBuildFile; fileRef = BF170DB012928DE900B8313A /* OpenGLES.framework */; };
		BF1712471292920000B8313A /* libz.dylib in Frameworks */ = {isa = PBXBuildFile; fileRef = BF170DB412928DE900B8313A /* libz.dylib */; };
		BF1C47F01293687400B63C5D /* QuartzCore.framework in Frameworks */ = {isa = PBXBuildFile; fileRef = BF1C47EA1293683800B63C5D /* QuartzCore.framework */; };
		D44C620C132DFF330009C878 /* OpenAL.framework in Frameworks */ = {isa = PBXBuildFile; fileRef = D44C620B132DFF330009C878 /* OpenAL.framework */; };
		D44C620E132DFF430009C878 /* AVFoundation.framework in Frameworks */ = {isa = PBXBuildFile; fileRef = D44C620D132DFF430009C878 /* AVFoundation.framework */; };
		D44C6210132DFF4E0009C878 /* AudioToolbox.framework in Frameworks */ = {isa = PBXBuildFile; fileRef = D44C620F132DFF4E0009C878 /* AudioToolbox.framework */; };
		D6B0611B1803AB670077942B /* CoreMotion.framework in Frameworks */ = {isa = PBXBuildFile; fileRef = D6B0611A1803AB670077942B /* CoreMotion.framework */; };
		DEE64183A91BB1DA07554959 /* CoreBluetooth.framework in Frameworks */ = {isa = PBXBuildFile; fileRef = 8F7B4EE5BC11524813F039C4 /* CoreBluetooth.framework */; };
		E5144A7AA056E586ED0E89AD /* PluginFacebook.framework in Frameworks */ = {isa = PBXBuildFile; fileRef = C1C845CF9D854C95FE8E889A /* PluginFacebook.framework */; };
		E8F843F1B6D759FF34A3B2A3 /* CoreMedia.framework in Frameworks */ = {isa = PBXBuildFile; fileRef = 9682445BB62E06A97F2A318C /* CoreMedia.framework */; };
		ED545A7C1B68A1F400C3958E /* libiconv.dylib in Frameworks */ = {isa = PBXBuildFile; fileRef = ED545A7B1B68A1F400C3958E /* libiconv.dylib */; };
		ED545A7E1B68A1FA00C3958E /* libiconv.dylib in Frameworks */ = {isa = PBXBuildFile; fileRef = ED545A7D1B68A1FA00C3958E /* libiconv.dylib */; };
		EF0749438BB256E2AF1F3B54 /* CoreTelephony.framework in Frameworks */ = {isa = PBXBuildFile; fileRef = 682F428FA279B9B5BEB2D582 /* CoreTelephony.framework */; };
/* End PBXBuildFile section */

/* Begin PBXContainerItemProxy section */
		1AC6FAF8180E9839004C840B /* PBXContainerItemProxy */ = {
			isa = PBXContainerItemProxy;
			containerPortal = 1AC6FAE5180E9839004C840B /* cocos2d_libs.xcodeproj */;
			proxyType = 2;
			remoteGlobalIDString = 1551A33F158F2AB200E66CFE;
			remoteInfo = "cocos2dx Mac";
		};
		1AC6FB06180E9839004C840B /* PBXContainerItemProxy */ = {
			isa = PBXContainerItemProxy;
			containerPortal = 1AC6FAE5180E9839004C840B /* cocos2d_libs.xcodeproj */;
			proxyType = 2;
			remoteGlobalIDString = A07A4D641783777C0073F6A7;
			remoteInfo = "cocos2dx iOS";
		};
		1AC6FB15180E9959004C840B /* PBXContainerItemProxy */ = {
			isa = PBXContainerItemProxy;
			containerPortal = 1AC6FAE5180E9839004C840B /* cocos2d_libs.xcodeproj */;
			proxyType = 1;
			remoteGlobalIDString = 1551A33E158F2AB200E66CFE;
			remoteInfo = "cocos2dx Mac";
		};
		1AC6FB24180E99E1004C840B /* PBXContainerItemProxy */ = {
			isa = PBXContainerItemProxy;
			containerPortal = 1AC6FAE5180E9839004C840B /* cocos2d_libs.xcodeproj */;
			proxyType = 1;
			remoteGlobalIDString = A07A4C241783777C0073F6A7;
			remoteInfo = "cocos2dx iOS";
		};
		A4257B801DFFFB0D0075B016 /* PBXContainerItemProxy */ = {
			isa = PBXContainerItemProxy;
			containerPortal = 1AC6FAE5180E9839004C840B /* cocos2d_libs.xcodeproj */;
			proxyType = 2;
			remoteGlobalIDString = 507B40FD1C31BDD30067B53E;
			remoteInfo = "libcocos2d tvOS";
		};
/* End PBXContainerItemProxy section */

/* Begin PBXFileReference section */
		08134EDAB4199B63824FA35C /* MessageUI.framework */ = {isa = PBXFileReference; lastKnownFileType = wrapper.framework; name = MessageUI.framework; path = Platforms/iPhoneOS.platform/Developer/SDKs/iPhoneOS.sdk/System/Library/Frameworks/MessageUI.framework; sourceTree = DEVELOPER_DIR; };
		0A0D4343ABA99530ADCDE64B /* MobileCoreServices.framework */ = {isa = PBXFileReference; lastKnownFileType = wrapper.framework; name = MobileCoreServices.framework; path = Platforms/iPhoneOS.platform/Developer/SDKs/iPhoneOS.sdk/System/Library/Frameworks/MobileCoreServices.framework; sourceTree = DEVELOPER_DIR; };
		14E24449B963C871FED564C6 /* EventKit.framework */ = {isa = PBXFileReference; lastKnownFileType = wrapper.framework; name = EventKit.framework; path = Platforms/iPhoneOS.platform/Developer/SDKs/iPhoneOS.sdk/System/Library/Frameworks/EventKit.framework; sourceTree = DEVELOPER_DIR; };
		1AC6FAE5180E9839004C840B /* cocos2d_libs.xcodeproj */ = {isa = PBXFileReference; lastKnownFileType = "wrapper.pb-project"; name = cocos2d_libs.xcodeproj; path = ../cocos2d/build/cocos2d_libs.xcodeproj; sourceTree = "<group>"; };
		1ACB3243164770DE00914215 /* libcurl.a */ = {isa = PBXFileReference; lastKnownFileType = archive.ar; name = libcurl.a; path = ../../cocos2dx/platform/third_party/ios/libraries/libcurl.a; sourceTree = "<group>"; };
		1D30AB110D05D00D00671497 /* Foundation.framework */ = {isa = PBXFileReference; lastKnownFileType = wrapper.framework; name = Foundation.framework; path = System/Library/Frameworks/Foundation.framework; sourceTree = SDKROOT; };
		1D6058910D05DD3D006BFB54 /* Wordzzle-mobile.app */ = {isa = PBXFileReference; explicitFileType = wrapper.application; includeInIndex = 0; path = "Wordzzle-mobile.app"; sourceTree = BUILT_PRODUCTS_DIR; };
		1DF5F4DF0D08C38300B7A737 /* UIKit.framework */ = {isa = PBXFileReference; lastKnownFileType = wrapper.framework; name = UIKit.framework; path = System/Library/Frameworks/UIKit.framework; sourceTree = SDKROOT; };
		288765A40DF7441C002DB57D /* CoreGraphics.framework */ = {isa = PBXFileReference; lastKnownFileType = wrapper.framework; name = CoreGraphics.framework; path = System/Library/Frameworks/CoreGraphics.framework; sourceTree = SDKROOT; };
		294D0D631D0D56D500F7F5D4 /* CoreText.framework */ = {isa = PBXFileReference; lastKnownFileType = wrapper.framework; name = CoreText.framework; path = Platforms/iPhoneOS.platform/Developer/SDKs/iPhoneOS9.3.sdk/System/Library/Frameworks/CoreText.framework; sourceTree = DEVELOPER_DIR; };
		474A4B4BA848CD137E3B11A7 /* StoreKit.framework */ = {isa = PBXFileReference; lastKnownFileType = wrapper.framework; name = StoreKit.framework; path = Platforms/iPhoneOS.platform/Developer/SDKs/iPhoneOS.sdk/System/Library/Frameworks/StoreKit.framework; sourceTree = DEVELOPER_DIR; };
		48C242EDB9F0AE76D0267B91 /* Chartboost.framework */ = {isa = PBXFileReference; lastKnownFileType = wrapper.framework; path = Chartboost.framework; sourceTree = SOURCE_ROOT; };
		503AE0F617EB97AB00D1A890 /* Icon.icns */ = {isa = PBXFileReference; lastKnownFileType = image.icns; path = Icon.icns; sourceTree = "<group>"; };
		503AE0F717EB97AB00D1A890 /* Info.plist */ = {isa = PBXFileReference; fileEncoding = 4; lastKnownFileType = text.plist.xml; path = Info.plist; sourceTree = "<group>"; };
		503AE0FA17EB989F00D1A890 /* AppController.h */ = {isa = PBXFileReference; fileEncoding = 4; lastKnownFileType = sourcecode.c.h; name = AppController.h; path = ios/AppController.h; sourceTree = SOURCE_ROOT; };
		503AE0FB17EB989F00D1A890 /* AppController.mm */ = {isa = PBXFileReference; fileEncoding = 4; lastKnownFileType = sourcecode.cpp.objcpp; name = AppController.mm; path = ios/AppController.mm; sourceTree = SOURCE_ROOT; };
		503AE0FC17EB989F00D1A890 /* main.m */ = {isa = PBXFileReference; fileEncoding = 4; lastKnownFileType = sourcecode.c.objc; name = main.m; path = ios/main.m; sourceTree = SOURCE_ROOT; };
		503AE0FD17EB989F00D1A890 /* Prefix.pch */ = {isa = PBXFileReference; fileEncoding = 4; lastKnownFileType = sourcecode.c.h; name = Prefix.pch; path = ios/Prefix.pch; sourceTree = SOURCE_ROOT; };
		503AE0FE17EB989F00D1A890 /* RootViewController.h */ = {isa = PBXFileReference; fileEncoding = 4; lastKnownFileType = sourcecode.c.h; name = RootViewController.h; path = ios/RootViewController.h; sourceTree = SOURCE_ROOT; };
		503AE0FF17EB989F00D1A890 /* RootViewController.mm */ = {isa = PBXFileReference; fileEncoding = 4; lastKnownFileType = sourcecode.cpp.objcpp; name = RootViewController.mm; path = ios/RootViewController.mm; sourceTree = SOURCE_ROOT; };
		503AE10317EB98FF00D1A890 /* main.cpp */ = {isa = PBXFileReference; fileEncoding = 4; lastKnownFileType = sourcecode.cpp.cpp; name = main.cpp; path = mac/main.cpp; sourceTree = "<group>"; };
		503AE10417EB98FF00D1A890 /* Prefix.pch */ = {isa = PBXFileReference; fileEncoding = 4; lastKnownFileType = sourcecode.c.h; name = Prefix.pch; path = mac/Prefix.pch; sourceTree = "<group>"; };
		503AE11117EB99EE00D1A890 /* libcurl.dylib */ = {isa = PBXFileReference; lastKnownFileType = "compiled.mach-o.dylib"; name = libcurl.dylib; path = usr/lib/libcurl.dylib; sourceTree = SDKROOT; };
		503AE11A17EB9C5A00D1A890 /* IOKit.framework */ = {isa = PBXFileReference; lastKnownFileType = wrapper.framework; name = IOKit.framework; path = System/Library/Frameworks/IOKit.framework; sourceTree = SDKROOT; };
		5087E76F17EB910900C73F5D /* Wordzzle-mobile.app */ = {isa = PBXFileReference; explicitFileType = wrapper.application; includeInIndex = 0; path = "Wordzzle-mobile.app"; sourceTree = BUILT_PRODUCTS_DIR; };
		5087E77217EB970100C73F5D /* Default-568h@2x.png */ = {isa = PBXFileReference; lastKnownFileType = image.png; path = "Default-568h@2x.png"; sourceTree = "<group>"; };
		5087E77317EB970100C73F5D /* Default.png */ = {isa = PBXFileReference; lastKnownFileType = image.png; path = Default.png; sourceTree = "<group>"; };
		5087E77417EB970100C73F5D /* Default@2x.png */ = {isa = PBXFileReference; lastKnownFileType = image.png; path = "Default@2x.png"; sourceTree = "<group>"; };
		5087E77517EB970100C73F5D /* Icon-114.png */ = {isa = PBXFileReference; lastKnownFileType = image.png; path = "Icon-114.png"; sourceTree = "<group>"; };
		5087E77617EB970100C73F5D /* Icon-120.png */ = {isa = PBXFileReference; lastKnownFileType = image.png; path = "Icon-120.png"; sourceTree = "<group>"; };
		5087E77717EB970100C73F5D /* Icon-144.png */ = {isa = PBXFileReference; lastKnownFileType = image.png; path = "Icon-144.png"; sourceTree = "<group>"; };
		5087E77817EB970100C73F5D /* Icon-152.png */ = {isa = PBXFileReference; lastKnownFileType = image.png; path = "Icon-152.png"; sourceTree = "<group>"; };
		5087E77917EB970100C73F5D /* Icon-57.png */ = {isa = PBXFileReference; lastKnownFileType = image.png; path = "Icon-57.png"; sourceTree = "<group>"; };
		5087E77A17EB970100C73F5D /* Icon-72.png */ = {isa = PBXFileReference; lastKnownFileType = image.png; path = "Icon-72.png"; sourceTree = "<group>"; };
		5087E77B17EB970100C73F5D /* Icon-76.png */ = {isa = PBXFileReference; lastKnownFileType = image.png; path = "Icon-76.png"; sourceTree = "<group>"; };
		5087E77C17EB970100C73F5D /* Info.plist */ = {isa = PBXFileReference; fileEncoding = 4; lastKnownFileType = text.plist.xml; path = Info.plist; sourceTree = "<group>"; };
		5087E78817EB974C00C73F5D /* AppKit.framework */ = {isa = PBXFileReference; lastKnownFileType = wrapper.framework; name = AppKit.framework; path = System/Library/Frameworks/AppKit.framework; sourceTree = SDKROOT; };
		5087E78A17EB975400C73F5D /* OpenGL.framework */ = {isa = PBXFileReference; lastKnownFileType = wrapper.framework; name = OpenGL.framework; path = System/Library/Frameworks/OpenGL.framework; sourceTree = SDKROOT; };
		50EF629217ECD46A001EB2F8 /* Icon-40.png */ = {isa = PBXFileReference; lastKnownFileType = image.png; path = "Icon-40.png"; sourceTree = "<group>"; };
		50EF629317ECD46A001EB2F8 /* Icon-58.png */ = {isa = PBXFileReference; lastKnownFileType = image.png; path = "Icon-58.png"; sourceTree = "<group>"; };
		50EF629417ECD46A001EB2F8 /* Icon-80.png */ = {isa = PBXFileReference; lastKnownFileType = image.png; path = "Icon-80.png"; sourceTree = "<group>"; };
		50EF629517ECD46A001EB2F8 /* Icon-100.png */ = {isa = PBXFileReference; lastKnownFileType = image.png; path = "Icon-100.png"; sourceTree = "<group>"; };
		50EF62A017ECD613001EB2F8 /* Icon-29.png */ = {isa = PBXFileReference; lastKnownFileType = image.png; path = "Icon-29.png"; sourceTree = "<group>"; };
		50EF62A117ECD613001EB2F8 /* Icon-50.png */ = {isa = PBXFileReference; lastKnownFileType = image.png; path = "Icon-50.png"; sourceTree = "<group>"; };
		521A8E6219F0C34300D177D7 /* Default-667h@2x.png */ = {isa = PBXFileReference; lastKnownFileType = image.png; path = "Default-667h@2x.png"; sourceTree = "<group>"; };
		521A8E6319F0C34300D177D7 /* Default-736h@3x.png */ = {isa = PBXFileReference; lastKnownFileType = image.png; path = "Default-736h@3x.png"; sourceTree = "<group>"; };
		52B47A461A53D09B004E4C60 /* Security.framework */ = {isa = PBXFileReference; lastKnownFileType = wrapper.framework; name = Security.framework; path = Platforms/iPhoneOS.platform/Developer/SDKs/iPhoneOS8.1.sdk/System/Library/Frameworks/Security.framework; sourceTree = DEVELOPER_DIR; };
		56304CB6855066DB0098D7A0 /* SafariServices.framework */ = {isa = PBXFileReference; lastKnownFileType = wrapper.framework; name = SafariServices.framework; path = Platforms/iPhoneOS.platform/Developer/SDKs/iPhoneOS.sdk/System/Library/Frameworks/SafariServices.framework; sourceTree = DEVELOPER_DIR; };
		682F428FA279B9B5BEB2D582 /* CoreTelephony.framework */ = {isa = PBXFileReference; lastKnownFileType = wrapper.framework; name = CoreTelephony.framework; path = Platforms/iPhoneOS.platform/Developer/SDKs/iPhoneOS.sdk/System/Library/Frameworks/CoreTelephony.framework; sourceTree = DEVELOPER_DIR; };
		8262943D1AAF051F00CB7CF7 /* Security.framework */ = {isa = PBXFileReference; lastKnownFileType = wrapper.framework; name = Security.framework; path = System/Library/Frameworks/Security.framework; sourceTree = SDKROOT; };
		8C3E4961828073CD7430138F /* PluginChartboost.framework */ = {isa = PBXFileReference; lastKnownFileType = wrapper.framework; path = PluginChartboost.framework; sourceTree = SOURCE_ROOT; };
		8F7B4EE5BC11524813F039C4 /* CoreBluetooth.framework */ = {isa = PBXFileReference; lastKnownFileType = wrapper.framework; name = CoreBluetooth.framework; path = Platforms/iPhoneOS.platform/Developer/SDKs/iPhoneOS.sdk/System/Library/Frameworks/CoreBluetooth.framework; sourceTree = DEVELOPER_DIR; };
		92654CD08894AA2A0F06F3A7 /* FBSDKShareKit.framework */ = {isa = PBXFileReference; lastKnownFileType = wrapper.framework; path = FBSDKShareKit.framework; sourceTree = SOURCE_ROOT; };
		9682445BB62E06A97F2A318C /* CoreMedia.framework */ = {isa = PBXFileReference; lastKnownFileType = wrapper.framework; name = CoreMedia.framework; path = Platforms/iPhoneOS.platform/Developer/SDKs/iPhoneOS.sdk/System/Library/Frameworks/CoreMedia.framework; sourceTree = DEVELOPER_DIR; };
		96B24715BFAF9F896112A4BF /* MediaPlayer.framework */ = {isa = PBXFileReference; lastKnownFileType = wrapper.framework; name = MediaPlayer.framework; path = Platforms/iPhoneOS.platform/Developer/SDKs/iPhoneOS.sdk/System/Library/Frameworks/MediaPlayer.framework; sourceTree = DEVELOPER_DIR; };
		9ABA4056A442E92DB4C2F6A2 /* GoogleMobileAds.framework */ = {isa = PBXFileReference; lastKnownFileType = wrapper.framework; path = GoogleMobileAds.framework; sourceTree = SOURCE_ROOT; };
		9D0D4ACA969F9BB7B9BC082B /* PluginAdMob.framework */ = {isa = PBXFileReference; lastKnownFileType = wrapper.framework; path = PluginAdMob.framework; sourceTree = SOURCE_ROOT; };
		A17748DBB87031E29E973800 /* AdSupport.framework */ = {isa = PBXFileReference; lastKnownFileType = wrapper.framework; name = AdSupport.framework; path = Platforms/iPhoneOS.platform/Developer/SDKs/iPhoneOS.sdk/System/Library/Frameworks/AdSupport.framework; sourceTree = DEVELOPER_DIR; };
		A415C9171E08EABE00B81E0C /* .DS_Store */ = {isa = PBXFileReference; lastKnownFileType = file; name = .DS_Store; path = ../Resources/.DS_Store; sourceTree = "<group>"; };
		A415C9181E08EABE00B81E0C /* albumscene */ = {isa = PBXFileReference; lastKnownFileType = folder; name = albumscene; path = ../Resources/albumscene; sourceTree = "<group>"; };
		A415C9191E08EABE00B81E0C /* background.png */ = {isa = PBXFileReference; lastKnownFileType = image.png; name = background.png; path = ../Resources/background.png; sourceTree = "<group>"; };
		A415C91A1E08EABE00B81E0C /* fonts */ = {isa = PBXFileReference; lastKnownFileType = folder; name = fonts; path = ../Resources/fonts; sourceTree = "<group>"; };
		A415C91B1E08EABE00B81E0C /* homescene */ = {isa = PBXFileReference; lastKnownFileType = folder; name = homescene; path = ../Resources/homescene; sourceTree = "<group>"; };
		A415C91C1E08EABE00B81E0C /* layer */ = {isa = PBXFileReference; lastKnownFileType = folder; name = layer; path = ../Resources/layer; sourceTree = "<group>"; };
		A415C91D1E08EABE00B81E0C /* levelscene */ = {isa = PBXFileReference; lastKnownFileType = folder; name = levelscene; path = ../Resources/levelscene; sourceTree = "<group>"; };
		A415C91E1E08EABE00B81E0C /* packetscene */ = {isa = PBXFileReference; lastKnownFileType = folder; name = packetscene; path = ../Resources/packetscene; sourceTree = "<group>"; };
		A415C91F1E08EABE00B81E0C /* playscene */ = {isa = PBXFileReference; lastKnownFileType = folder; name = playscene; path = ../Resources/playscene; sourceTree = "<group>"; };
		A415C9201E08EABE00B81E0C /* sdkbox_config.json */ = {isa = PBXFileReference; fileEncoding = 4; lastKnownFileType = text.json; name = sdkbox_config.json; path = ../Resources/sdkbox_config.json; sourceTree = "<group>"; };
		A415C9211E08EABE00B81E0C /* settingscene */ = {isa = PBXFileReference; lastKnownFileType = folder; name = settingscene; path = ../Resources/settingscene; sourceTree = "<group>"; };
		A415C9221E08EABE00B81E0C /* sound */ = {isa = PBXFileReference; lastKnownFileType = folder; name = sound; path = ../Resources/sound; sourceTree = "<group>"; };
		A415C9231E08EABE00B81E0C /* splashlogo.png */ = {isa = PBXFileReference; lastKnownFileType = image.png; name = splashlogo.png; path = ../Resources/splashlogo.png; sourceTree = "<group>"; };
		A415C9241E08EABE00B81E0C /* splashscene */ = {isa = PBXFileReference; lastKnownFileType = folder; name = splashscene; path = ../Resources/splashscene; sourceTree = "<group>"; };
		A415C9251E08EABE00B81E0C /* sticker */ = {isa = PBXFileReference; lastKnownFileType = folder; name = sticker; path = ../Resources/sticker; sourceTree = "<group>"; };
		A415C9261E08EABE00B81E0C /* stickerscene */ = {isa = PBXFileReference; lastKnownFileType = folder; name = stickerscene; path = ../Resources/stickerscene; sourceTree = "<group>"; };
		A415C9271E08EABE00B81E0C /* tradescene */ = {isa = PBXFileReference; lastKnownFileType = folder; name = tradescene; path = ../Resources/tradescene; sourceTree = "<group>"; };
		A415C9391E08EADE00B81E0C /* AlbumScene.cpp */ = {isa = PBXFileReference; fileEncoding = 4; lastKnownFileType = sourcecode.cpp.cpp; path = AlbumScene.cpp; sourceTree = "<group>"; };
		A415C93A1E08EADE00B81E0C /* AlbumScene.h */ = {isa = PBXFileReference; fileEncoding = 4; lastKnownFileType = sourcecode.c.h; path = AlbumScene.h; sourceTree = "<group>"; };
		A415C93B1E08EADE00B81E0C /* AppDelegate.cpp */ = {isa = PBXFileReference; fileEncoding = 4; lastKnownFileType = sourcecode.cpp.cpp; path = AppDelegate.cpp; sourceTree = "<group>"; };
		A415C93C1E08EADE00B81E0C /* AppDelegate.h */ = {isa = PBXFileReference; fileEncoding = 4; lastKnownFileType = sourcecode.c.h; path = AppDelegate.h; sourceTree = "<group>"; };
		A415C93D1E08EADE00B81E0C /* BaseScene.cpp */ = {isa = PBXFileReference; fileEncoding = 4; lastKnownFileType = sourcecode.cpp.cpp; path = BaseScene.cpp; sourceTree = "<group>"; };
		A415C93E1E08EADE00B81E0C /* BaseScene.h */ = {isa = PBXFileReference; fileEncoding = 4; lastKnownFileType = sourcecode.c.h; path = BaseScene.h; sourceTree = "<group>"; };
		A415C9401E08EADE00B81E0C /* Constants.h */ = {isa = PBXFileReference; fileEncoding = 4; lastKnownFileType = sourcecode.c.h; path = Constants.h; sourceTree = "<group>"; };
		A415C9411E08EADE00B81E0C /* Resources.h */ = {isa = PBXFileReference; fileEncoding = 4; lastKnownFileType = sourcecode.c.h; path = Resources.h; sourceTree = "<group>"; };
		A415C9421E08EADE00B81E0C /* RiddleResource.h */ = {isa = PBXFileReference; fileEncoding = 4; lastKnownFileType = sourcecode.c.h; path = RiddleResource.h; sourceTree = "<group>"; };
		A415C9431E08EADE00B81E0C /* StickerResource.h */ = {isa = PBXFileReference; fileEncoding = 4; lastKnownFileType = sourcecode.c.h; path = StickerResource.h; sourceTree = "<group>"; };
		A415C9451E08EADE00B81E0C /* CppUtils.cpp */ = {isa = PBXFileReference; fileEncoding = 4; lastKnownFileType = sourcecode.cpp.cpp; path = CppUtils.cpp; sourceTree = "<group>"; };
		A415C9461E08EADE00B81E0C /* CppUtils.h */ = {isa = PBXFileReference; fileEncoding = 4; lastKnownFileType = sourcecode.c.h; path = CppUtils.h; sourceTree = "<group>"; };
		A415C9471E08EADE00B81E0C /* CustomDirector.h */ = {isa = PBXFileReference; fileEncoding = 4; lastKnownFileType = sourcecode.c.h; path = CustomDirector.h; sourceTree = "<group>"; };
		A415C9481E08EADE00B81E0C /* RiddleHelper.cpp */ = {isa = PBXFileReference; fileEncoding = 4; lastKnownFileType = sourcecode.cpp.cpp; path = RiddleHelper.cpp; sourceTree = "<group>"; };
		A415C9491E08EADE00B81E0C /* RiddleHelper.h */ = {isa = PBXFileReference; fileEncoding = 4; lastKnownFileType = sourcecode.c.h; path = RiddleHelper.h; sourceTree = "<group>"; };
		A415C94A1E08EADE00B81E0C /* SocialPlugin.cpp */ = {isa = PBXFileReference; fileEncoding = 4; lastKnownFileType = sourcecode.cpp.cpp; path = SocialPlugin.cpp; sourceTree = "<group>"; };
		A415C94B1E08EADE00B81E0C /* SocialPlugin.h */ = {isa = PBXFileReference; fileEncoding = 4; lastKnownFileType = sourcecode.c.h; path = SocialPlugin.h; sourceTree = "<group>"; };
		A415C94C1E08EADE00B81E0C /* StickerHelper.cpp */ = {isa = PBXFileReference; fileEncoding = 4; lastKnownFileType = sourcecode.cpp.cpp; path = StickerHelper.cpp; sourceTree = "<group>"; };
		A415C94D1E08EADE00B81E0C /* StickerHelper.h */ = {isa = PBXFileReference; fileEncoding = 4; lastKnownFileType = sourcecode.c.h; path = StickerHelper.h; sourceTree = "<group>"; };
		A415C94E1E08EADE00B81E0C /* HomeScene.cpp */ = {isa = PBXFileReference; fileEncoding = 4; lastKnownFileType = sourcecode.cpp.cpp; path = HomeScene.cpp; sourceTree = "<group>"; };
		A415C94F1E08EADE00B81E0C /* HomeScene.h */ = {isa = PBXFileReference; fileEncoding = 4; lastKnownFileType = sourcecode.c.h; path = HomeScene.h; sourceTree = "<group>"; };
		A415C9511E08EADE00B81E0C /* dump.c */ = {isa = PBXFileReference; fileEncoding = 4; lastKnownFileType = sourcecode.c.c; path = dump.c; sourceTree = "<group>"; };
		A415C9521E08EADE00B81E0C /* error.c */ = {isa = PBXFileReference; fileEncoding = 4; lastKnownFileType = sourcecode.c.c; path = error.c; sourceTree = "<group>"; };
		A415C9531E08EADE00B81E0C /* hashtable.c */ = {isa = PBXFileReference; fileEncoding = 4; lastKnownFileType = sourcecode.c.c; path = hashtable.c; sourceTree = "<group>"; };
		A415C9541E08EADE00B81E0C /* hashtable.h */ = {isa = PBXFileReference; fileEncoding = 4; lastKnownFileType = sourcecode.c.h; path = hashtable.h; sourceTree = "<group>"; };
		A415C9551E08EADE00B81E0C /* jansson.h */ = {isa = PBXFileReference; fileEncoding = 4; lastKnownFileType = sourcecode.c.h; path = jansson.h; sourceTree = "<group>"; };
		A415C9561E08EADE00B81E0C /* jansson_config.h */ = {isa = PBXFileReference; fileEncoding = 4; lastKnownFileType = sourcecode.c.h; path = jansson_config.h; sourceTree = "<group>"; };
		A415C9571E08EADE00B81E0C /* jansson_private.h */ = {isa = PBXFileReference; fileEncoding = 4; lastKnownFileType = sourcecode.c.h; path = jansson_private.h; sourceTree = "<group>"; };
		A415C9581E08EADE00B81E0C /* load.c */ = {isa = PBXFileReference; fileEncoding = 4; lastKnownFileType = sourcecode.c.c; path = load.c; sourceTree = "<group>"; };
		A415C9591E08EADE00B81E0C /* memory.c */ = {isa = PBXFileReference; fileEncoding = 4; lastKnownFileType = sourcecode.c.c; path = memory.c; sourceTree = "<group>"; };
		A415C95A1E08EADE00B81E0C /* pack_unpack.c */ = {isa = PBXFileReference; fileEncoding = 4; lastKnownFileType = sourcecode.c.c; path = pack_unpack.c; sourceTree = "<group>"; };
		A415C95B1E08EADE00B81E0C /* strbuffer.c */ = {isa = PBXFileReference; fileEncoding = 4; lastKnownFileType = sourcecode.c.c; path = strbuffer.c; sourceTree = "<group>"; };
		A415C95C1E08EADE00B81E0C /* strbuffer.h */ = {isa = PBXFileReference; fileEncoding = 4; lastKnownFileType = sourcecode.c.h; path = strbuffer.h; sourceTree = "<group>"; };
		A415C95D1E08EADE00B81E0C /* strconv.c */ = {isa = PBXFileReference; fileEncoding = 4; lastKnownFileType = sourcecode.c.c; path = strconv.c; sourceTree = "<group>"; };
		A415C95E1E08EADE00B81E0C /* utf.c */ = {isa = PBXFileReference; fileEncoding = 4; lastKnownFileType = sourcecode.c.c; path = utf.c; sourceTree = "<group>"; };
		A415C95F1E08EADE00B81E0C /* utf.h */ = {isa = PBXFileReference; fileEncoding = 4; lastKnownFileType = sourcecode.c.h; path = utf.h; sourceTree = "<group>"; };
		A415C9601E08EADE00B81E0C /* value.c */ = {isa = PBXFileReference; fileEncoding = 4; lastKnownFileType = sourcecode.c.c; path = value.c; sourceTree = "<group>"; };
		A415C9611E08EADE00B81E0C /* LevelScene.cpp */ = {isa = PBXFileReference; fileEncoding = 4; lastKnownFileType = sourcecode.cpp.cpp; path = LevelScene.cpp; sourceTree = "<group>"; };
		A415C9621E08EADE00B81E0C /* LevelScene.h */ = {isa = PBXFileReference; fileEncoding = 4; lastKnownFileType = sourcecode.c.h; path = LevelScene.h; sourceTree = "<group>"; };
		A415C9641E08EADE00B81E0C /* NDKCallbackNode.cpp */ = {isa = PBXFileReference; fileEncoding = 4; lastKnownFileType = sourcecode.cpp.cpp; path = NDKCallbackNode.cpp; sourceTree = "<group>"; };
		A415C9651E08EADE00B81E0C /* NDKCallbackNode.h */ = {isa = PBXFileReference; fileEncoding = 4; lastKnownFileType = sourcecode.c.h; path = NDKCallbackNode.h; sourceTree = "<group>"; };
		A415C9661E08EADE00B81E0C /* NDKHelper.cpp */ = {isa = PBXFileReference; fileEncoding = 4; lastKnownFileType = sourcecode.cpp.cpp; path = NDKHelper.cpp; sourceTree = "<group>"; };
		A415C9671E08EADE00B81E0C /* NDKHelper.h */ = {isa = PBXFileReference; fileEncoding = 4; lastKnownFileType = sourcecode.c.h; path = NDKHelper.h; sourceTree = "<group>"; };
		A415C9681E08EADE00B81E0C /* PacketScene.cpp */ = {isa = PBXFileReference; fileEncoding = 4; lastKnownFileType = sourcecode.cpp.cpp; path = PacketScene.cpp; sourceTree = "<group>"; };
		A415C9691E08EADE00B81E0C /* PacketScene.h */ = {isa = PBXFileReference; fileEncoding = 4; lastKnownFileType = sourcecode.c.h; path = PacketScene.h; sourceTree = "<group>"; };
		A415C96A1E08EADE00B81E0C /* SettingScene.cpp */ = {isa = PBXFileReference; fileEncoding = 4; lastKnownFileType = sourcecode.cpp.cpp; path = SettingScene.cpp; sourceTree = "<group>"; };
		A415C96B1E08EADE00B81E0C /* SettingScene.h */ = {isa = PBXFileReference; fileEncoding = 4; lastKnownFileType = sourcecode.c.h; path = SettingScene.h; sourceTree = "<group>"; };
		A415C96C1E08EADE00B81E0C /* SplashScene.cpp */ = {isa = PBXFileReference; fileEncoding = 4; lastKnownFileType = sourcecode.cpp.cpp; path = SplashScene.cpp; sourceTree = "<group>"; };
		A415C96D1E08EADE00B81E0C /* SplashScene.h */ = {isa = PBXFileReference; fileEncoding = 4; lastKnownFileType = sourcecode.c.h; path = SplashScene.h; sourceTree = "<group>"; };
		A415C96E1E08EADE00B81E0C /* StickerScene.cpp */ = {isa = PBXFileReference; fileEncoding = 4; lastKnownFileType = sourcecode.cpp.cpp; path = StickerScene.cpp; sourceTree = "<group>"; };
		A415C96F1E08EADE00B81E0C /* StickerScene.h */ = {isa = PBXFileReference; fileEncoding = 4; lastKnownFileType = sourcecode.c.h; path = StickerScene.h; sourceTree = "<group>"; };
		A415C9721E08EADE00B81E0C /* FacebookHandler.cpp */ = {isa = PBXFileReference; fileEncoding = 4; lastKnownFileType = sourcecode.cpp.cpp; path = FacebookHandler.cpp; sourceTree = "<group>"; };
		A415C9731E08EADE00B81E0C /* FacebookHandler.h */ = {isa = PBXFileReference; fileEncoding = 4; lastKnownFileType = sourcecode.c.h; path = FacebookHandler.h; sourceTree = "<group>"; };
		A415C9751E08EADE00B81E0C /* FirebaseHandler.cpp */ = {isa = PBXFileReference; fileEncoding = 4; lastKnownFileType = sourcecode.cpp.cpp; path = FirebaseHandler.cpp; sourceTree = "<group>"; };
		A415C9761E08EADE00B81E0C /* FirebaseHandler.h */ = {isa = PBXFileReference; fileEncoding = 4; lastKnownFileType = sourcecode.c.h; path = FirebaseHandler.h; sourceTree = "<group>"; };
		A415C9781E08EADE00B81E0C /* BUserInfor.cpp */ = {isa = PBXFileReference; fileEncoding = 4; lastKnownFileType = sourcecode.cpp.cpp; path = BUserInfor.cpp; sourceTree = "<group>"; };
		A415C9791E08EADE00B81E0C /* BUserInfor.h */ = {isa = PBXFileReference; fileEncoding = 4; lastKnownFileType = sourcecode.c.h; path = BUserInfor.h; sourceTree = "<group>"; };
		A415C97A1E08EADE00B81E0C /* PendingRequest.h */ = {isa = PBXFileReference; fileEncoding = 4; lastKnownFileType = sourcecode.c.h; path = PendingRequest.h; sourceTree = "<group>"; };
		A415C97B1E08EADE00B81E0C /* TradingScene.cpp */ = {isa = PBXFileReference; fileEncoding = 4; lastKnownFileType = sourcecode.cpp.cpp; path = TradingScene.cpp; sourceTree = "<group>"; };
		A415C97C1E08EADE00B81E0C /* TradingScene.h */ = {isa = PBXFileReference; fileEncoding = 4; lastKnownFileType = sourcecode.c.h; path = TradingScene.h; sourceTree = "<group>"; };
		A415C97E1E08EADE00B81E0C /* BLabel.cpp */ = {isa = PBXFileReference; fileEncoding = 4; lastKnownFileType = sourcecode.cpp.cpp; path = BLabel.cpp; sourceTree = "<group>"; };
		A415C97F1E08EADE00B81E0C /* BLabel.h */ = {isa = PBXFileReference; fileEncoding = 4; lastKnownFileType = sourcecode.c.h; path = BLabel.h; sourceTree = "<group>"; };
		A415C9801E08EADE00B81E0C /* BScrollView.cpp */ = {isa = PBXFileReference; fileEncoding = 4; lastKnownFileType = sourcecode.cpp.cpp; path = BScrollView.cpp; sourceTree = "<group>"; };
		A415C9811E08EADE00B81E0C /* BScrollView.h */ = {isa = PBXFileReference; fileEncoding = 4; lastKnownFileType = sourcecode.c.h; path = BScrollView.h; sourceTree = "<group>"; };
		A4257BF41E0001700075B016 /* Wordzzle-mobile.entitlements */ = {isa = PBXFileReference; lastKnownFileType = text.xml; path = "Wordzzle-mobile.entitlements"; sourceTree = "<group>"; };
		A73041E381C1FE16EB7B0F03 /* sdkbox.framework */ = {isa = PBXFileReference; lastKnownFileType = wrapper.framework; path = sdkbox.framework; sourceTree = SOURCE_ROOT; };
		A90943D09521B6EDF7FABCE0 /* FBSDKLoginKit.framework */ = {isa = PBXFileReference; lastKnownFileType = wrapper.framework; path = FBSDKLoginKit.framework; sourceTree = SOURCE_ROOT; };
		BC984132946913C2915C3EC8 /* EventKitUI.framework */ = {isa = PBXFileReference; lastKnownFileType = wrapper.framework; name = EventKitUI.framework; path = Platforms/iPhoneOS.platform/Developer/SDKs/iPhoneOS.sdk/System/Library/Frameworks/EventKitUI.framework; sourceTree = DEVELOPER_DIR; };
		BF170DB012928DE900B8313A /* OpenGLES.framework */ = {isa = PBXFileReference; lastKnownFileType = wrapper.framework; name = OpenGLES.framework; path = System/Library/Frameworks/OpenGLES.framework; sourceTree = SDKROOT; };
		BF170DB412928DE900B8313A /* libz.dylib */ = {isa = PBXFileReference; lastKnownFileType = "compiled.mach-o.dylib"; name = libz.dylib; path = usr/lib/libz.dylib; sourceTree = SDKROOT; };
		BF1C47EA1293683800B63C5D /* QuartzCore.framework */ = {isa = PBXFileReference; lastKnownFileType = wrapper.framework; name = QuartzCore.framework; path = System/Library/Frameworks/QuartzCore.framework; sourceTree = SDKROOT; };
		C1C845CF9D854C95FE8E889A /* PluginFacebook.framework */ = {isa = PBXFileReference; lastKnownFileType = wrapper.framework; path = PluginFacebook.framework; sourceTree = SOURCE_ROOT; };
		CFC34401A431B13A4708A40A /* CoreVideo.framework */ = {isa = PBXFileReference; lastKnownFileType = wrapper.framework; name = CoreVideo.framework; path = Platforms/iPhoneOS.platform/Developer/SDKs/iPhoneOS.sdk/System/Library/Frameworks/CoreVideo.framework; sourceTree = DEVELOPER_DIR; };
		D44C620B132DFF330009C878 /* OpenAL.framework */ = {isa = PBXFileReference; lastKnownFileType = wrapper.framework; name = OpenAL.framework; path = System/Library/Frameworks/OpenAL.framework; sourceTree = SDKROOT; };
		D44C620D132DFF430009C878 /* AVFoundation.framework */ = {isa = PBXFileReference; lastKnownFileType = wrapper.framework; name = AVFoundation.framework; path = System/Library/Frameworks/AVFoundation.framework; sourceTree = SDKROOT; };
		D44C620F132DFF4E0009C878 /* AudioToolbox.framework */ = {isa = PBXFileReference; lastKnownFileType = wrapper.framework; name = AudioToolbox.framework; path = System/Library/Frameworks/AudioToolbox.framework; sourceTree = SDKROOT; };
		D6B0611A1803AB670077942B /* CoreMotion.framework */ = {isa = PBXFileReference; lastKnownFileType = wrapper.framework; name = CoreMotion.framework; path = Platforms/iPhoneOS.platform/Developer/SDKs/iPhoneOS7.0.sdk/System/Library/Frameworks/CoreMotion.framework; sourceTree = DEVELOPER_DIR; };
		DE774DF395989FF6116184A8 /* GLKit.framework */ = {isa = PBXFileReference; lastKnownFileType = wrapper.framework; name = GLKit.framework; path = Platforms/iPhoneOS.platform/Developer/SDKs/iPhoneOS.sdk/System/Library/Frameworks/GLKit.framework; sourceTree = DEVELOPER_DIR; };
		ED545A7B1B68A1F400C3958E /* libiconv.dylib */ = {isa = PBXFileReference; lastKnownFileType = "compiled.mach-o.dylib"; name = libiconv.dylib; path = Platforms/iPhoneOS.platform/Developer/SDKs/iPhoneOS8.4.sdk/usr/lib/libiconv.dylib; sourceTree = DEVELOPER_DIR; };
		ED545A7D1B68A1FA00C3958E /* libiconv.dylib */ = {isa = PBXFileReference; lastKnownFileType = "compiled.mach-o.dylib"; name = libiconv.dylib; path = usr/lib/libiconv.dylib; sourceTree = SDKROOT; };
		F12C4A668732911C0B6EC182 /* PluginIAP.framework */ = {isa = PBXFileReference; lastKnownFileType = wrapper.framework; path = PluginIAP.framework; sourceTree = SOURCE_ROOT; };
		F32C43A1AE3C253C739CCF91 /* GameController.framework */ = {isa = PBXFileReference; lastKnownFileType = wrapper.framework; name = GameController.framework; path = Platforms/iPhoneOS.platform/Developer/SDKs/iPhoneOS.sdk/System/Library/Frameworks/GameController.framework; sourceTree = DEVELOPER_DIR; };
		F34D404B973F5E0825A6F12F /* FBSDKCoreKit.framework */ = {isa = PBXFileReference; lastKnownFileType = wrapper.framework; path = FBSDKCoreKit.framework; sourceTree = SOURCE_ROOT; };
		F70747E3A243DE6FFCD20BC9 /* SystemConfiguration.framework */ = {isa = PBXFileReference; lastKnownFileType = wrapper.framework; name = SystemConfiguration.framework; path = Platforms/iPhoneOS.platform/Developer/SDKs/iPhoneOS.sdk/System/Library/Frameworks/SystemConfiguration.framework; sourceTree = DEVELOPER_DIR; };
/* End PBXFileReference section */

/* Begin PBXFrameworksBuildPhase section */
		1D60588F0D05DD3D006BFB54 /* Frameworks */ = {
			isa = PBXFrameworksBuildPhase;
			buildActionMask = 2147483647;
			files = (
				294D0D641D0D56D500F7F5D4 /* CoreText.framework in Frameworks */,
				ED545A7C1B68A1F400C3958E /* libiconv.dylib in Frameworks */,
				52B47A471A53D09C004E4C60 /* Security.framework in Frameworks */,
				1AC6FB30180E99EB004C840B /* libcocos2d iOS.a in Frameworks */,
				D6B0611B1803AB670077942B /* CoreMotion.framework in Frameworks */,
				1D60589F0D05DD5A006BFB54 /* Foundation.framework in Frameworks */,
				1DF5F4E00D08C38300B7A737 /* UIKit.framework in Frameworks */,
				288765A50DF7441C002DB57D /* CoreGraphics.framework in Frameworks */,
				BF171245129291EC00B8313A /* OpenGLES.framework in Frameworks */,
				BF1712471292920000B8313A /* libz.dylib in Frameworks */,
				BF1C47F01293687400B63C5D /* QuartzCore.framework in Frameworks */,
				D44C620C132DFF330009C878 /* OpenAL.framework in Frameworks */,
				D44C620E132DFF430009C878 /* AVFoundation.framework in Frameworks */,
				D44C6210132DFF4E0009C878 /* AudioToolbox.framework in Frameworks */,
				8D6749A892490CA8C89097C7 /* sdkbox.framework in Frameworks */,
				E5144A7AA056E586ED0E89AD /* PluginFacebook.framework in Frameworks */,
				3B1A49F0AE7B80CC7F390956 /* FBSDKCoreKit.framework in Frameworks */,
				A81046CC8A76528CB30F0952 /* FBSDKLoginKit.framework in Frameworks */,
				572B4823AA9027025308CE56 /* FBSDKShareKit.framework in Frameworks */,
				6B264E5BA6EB837F3B7EAD45 /* AdSupport.framework in Frameworks */,
				705F4839AE7749518C234619 /* SystemConfiguration.framework in Frameworks */,
				AC984CE880A9057FF5044484 /* PluginAdMob.framework in Frameworks */,
				5F5D45ECB9FA48AF04CBE551 /* GoogleMobileAds.framework in Frameworks */,
				E8F843F1B6D759FF34A3B2A3 /* CoreMedia.framework in Frameworks */,
				EF0749438BB256E2AF1F3B54 /* CoreTelephony.framework in Frameworks */,
				99D64DC79D03B51ACF586432 /* EventKit.framework in Frameworks */,
				00114A1B9FEBC09BDC08D54B /* EventKitUI.framework in Frameworks */,
				092A44E394A2EE38D76091A2 /* MessageUI.framework in Frameworks */,
				94C7495B9F8B04FB4CE13F96 /* StoreKit.framework in Frameworks */,
				7E124729B78853BF2EE5FAFA /* GameController.framework in Frameworks */,
				705D4C489F551897FABEED3F /* MediaPlayer.framework in Frameworks */,
				6219494298F42C74D51EB10F /* GLKit.framework in Frameworks */,
				7418450B90C4D86C7F49DE68 /* CoreVideo.framework in Frameworks */,
				DEE64183A91BB1DA07554959 /* CoreBluetooth.framework in Frameworks */,
				80FC4BFA91382F1673D772C4 /* SafariServices.framework in Frameworks */,
				B8B647A0B29B27414D040B1F /* MobileCoreServices.framework in Frameworks */,
				5EFC4FEAB376D1C17FC4F989 /* PluginChartboost.framework in Frameworks */,
				BC084BE3A4313335B23982A8 /* Chartboost.framework in Frameworks */,
				234B422DBA581ED33613EBEA /* PluginIAP.framework in Frameworks */,
			);
			runOnlyForDeploymentPostprocessing = 0;
		};
		5087E75C17EB910900C73F5D /* Frameworks */ = {
			isa = PBXFrameworksBuildPhase;
			buildActionMask = 2147483647;
			files = (
				ED545A7E1B68A1FA00C3958E /* libiconv.dylib in Frameworks */,
				1AC6FB21180E996B004C840B /* libcocos2d Mac.a in Frameworks */,
				5087E76717EB910900C73F5D /* libz.dylib in Frameworks */,
				8262943E1AAF051F00CB7CF7 /* Security.framework in Frameworks */,
				503AE11B17EB9C5A00D1A890 /* IOKit.framework in Frameworks */,
				5087E78B17EB975400C73F5D /* OpenGL.framework in Frameworks */,
				5087E78917EB974C00C73F5D /* AppKit.framework in Frameworks */,
				5087E76317EB910900C73F5D /* Foundation.framework in Frameworks */,
				5087E76817EB910900C73F5D /* QuartzCore.framework in Frameworks */,
				5087E76917EB910900C73F5D /* OpenAL.framework in Frameworks */,
				5087E76A17EB910900C73F5D /* AVFoundation.framework in Frameworks */,
				5087E76B17EB910900C73F5D /* AudioToolbox.framework in Frameworks */,
			);
			runOnlyForDeploymentPostprocessing = 0;
		};
/* End PBXFrameworksBuildPhase section */

/* Begin PBXGroup section */
		080E96DDFE201D6D7F000001 /* ios */ = {
			isa = PBXGroup;
			children = (
				5087E77117EB970100C73F5D /* Icons */,
				503AE0FA17EB989F00D1A890 /* AppController.h */,
				503AE0FB17EB989F00D1A890 /* AppController.mm */,
				503AE0FC17EB989F00D1A890 /* main.m */,
				503AE0FD17EB989F00D1A890 /* Prefix.pch */,
				503AE0FE17EB989F00D1A890 /* RootViewController.h */,
				503AE0FF17EB989F00D1A890 /* RootViewController.mm */,
			);
			name = ios;
			path = Classes;
			sourceTree = "<group>";
		};
		19C28FACFE9D520D11CA2CBB /* Products */ = {
			isa = PBXGroup;
			children = (
				1D6058910D05DD3D006BFB54 /* Wordzzle-mobile.app */,
				5087E76F17EB910900C73F5D /* Wordzzle-mobile.app */,
			);
			name = Products;
			sourceTree = "<group>";
		};
		1AC6FAE6180E9839004C840B /* Products */ = {
			isa = PBXGroup;
			children = (
				1AC6FAF9180E9839004C840B /* libcocos2d Mac.a */,
				1AC6FB07180E9839004C840B /* libcocos2d iOS.a */,
				A4257B811DFFFB0D0075B016 /* libcocos2d tvOS.a */,
			);
			name = Products;
			sourceTree = "<group>";
		};
		29B97314FDCFA39411CA2CEA /* CustomTemplate */ = {
			isa = PBXGroup;
			children = (
				A4257BF41E0001700075B016 /* Wordzzle-mobile.entitlements */,
				46880B8319C43A87006E1F66 /* Classes */,
				46880B7519C43A67006E1F66 /* Resources */,
				A415C9171E08EABE00B81E0C /* .DS_Store */,
				A415C9181E08EABE00B81E0C /* albumscene */,
				A415C9191E08EABE00B81E0C /* background.png */,
				A415C91A1E08EABE00B81E0C /* fonts */,
				A415C91B1E08EABE00B81E0C /* homescene */,
				A415C91C1E08EABE00B81E0C /* layer */,
				A415C91D1E08EABE00B81E0C /* levelscene */,
				A415C91E1E08EABE00B81E0C /* packetscene */,
				A415C91F1E08EABE00B81E0C /* playscene */,
				A415C9201E08EABE00B81E0C /* sdkbox_config.json */,
				A415C9211E08EABE00B81E0C /* settingscene */,
				A415C9221E08EABE00B81E0C /* sound */,
				A415C9231E08EABE00B81E0C /* splashlogo.png */,
				A415C9241E08EABE00B81E0C /* splashscene */,
				A415C9251E08EABE00B81E0C /* sticker */,
				A415C9261E08EABE00B81E0C /* stickerscene */,
				A415C9271E08EABE00B81E0C /* tradescene */,
				1AC6FAE5180E9839004C840B /* cocos2d_libs.xcodeproj */,
				29B97323FDCFA39411CA2CEA /* Frameworks */,
				080E96DDFE201D6D7F000001 /* ios */,
				503AE10617EB990700D1A890 /* mac */,
				19C28FACFE9D520D11CA2CBB /* Products */,
			);
			name = CustomTemplate;
			sourceTree = "<group>";
		};
		29B97323FDCFA39411CA2CEA /* Frameworks */ = {
			isa = PBXGroup;
			children = (
				294D0D631D0D56D500F7F5D4 /* CoreText.framework */,
				ED545A7D1B68A1FA00C3958E /* libiconv.dylib */,
				ED545A7B1B68A1F400C3958E /* libiconv.dylib */,
				8262943D1AAF051F00CB7CF7 /* Security.framework */,
				52B47A461A53D09B004E4C60 /* Security.framework */,
				D6B0611A1803AB670077942B /* CoreMotion.framework */,
				503AE11A17EB9C5A00D1A890 /* IOKit.framework */,
				503AE11117EB99EE00D1A890 /* libcurl.dylib */,
				5087E78A17EB975400C73F5D /* OpenGL.framework */,
				5087E78817EB974C00C73F5D /* AppKit.framework */,
				1ACB3243164770DE00914215 /* libcurl.a */,
				BF170DB412928DE900B8313A /* libz.dylib */,
				D44C620F132DFF4E0009C878 /* AudioToolbox.framework */,
				D44C620D132DFF430009C878 /* AVFoundation.framework */,
				288765A40DF7441C002DB57D /* CoreGraphics.framework */,
				1D30AB110D05D00D00671497 /* Foundation.framework */,
				D44C620B132DFF330009C878 /* OpenAL.framework */,
				BF170DB012928DE900B8313A /* OpenGLES.framework */,
				BF1C47EA1293683800B63C5D /* QuartzCore.framework */,
				1DF5F4DF0D08C38300B7A737 /* UIKit.framework */,
				A73041E381C1FE16EB7B0F03 /* sdkbox.framework */,
				C1C845CF9D854C95FE8E889A /* PluginFacebook.framework */,
				F34D404B973F5E0825A6F12F /* FBSDKCoreKit.framework */,
				A90943D09521B6EDF7FABCE0 /* FBSDKLoginKit.framework */,
				92654CD08894AA2A0F06F3A7 /* FBSDKShareKit.framework */,
				A17748DBB87031E29E973800 /* AdSupport.framework */,
				F70747E3A243DE6FFCD20BC9 /* SystemConfiguration.framework */,
				9D0D4ACA969F9BB7B9BC082B /* PluginAdMob.framework */,
				9ABA4056A442E92DB4C2F6A2 /* GoogleMobileAds.framework */,
				9682445BB62E06A97F2A318C /* CoreMedia.framework */,
				682F428FA279B9B5BEB2D582 /* CoreTelephony.framework */,
				14E24449B963C871FED564C6 /* EventKit.framework */,
				BC984132946913C2915C3EC8 /* EventKitUI.framework */,
				08134EDAB4199B63824FA35C /* MessageUI.framework */,
				474A4B4BA848CD137E3B11A7 /* StoreKit.framework */,
				F32C43A1AE3C253C739CCF91 /* GameController.framework */,
				96B24715BFAF9F896112A4BF /* MediaPlayer.framework */,
				DE774DF395989FF6116184A8 /* GLKit.framework */,
				CFC34401A431B13A4708A40A /* CoreVideo.framework */,
				8F7B4EE5BC11524813F039C4 /* CoreBluetooth.framework */,
				56304CB6855066DB0098D7A0 /* SafariServices.framework */,
				0A0D4343ABA99530ADCDE64B /* MobileCoreServices.framework */,
				8C3E4961828073CD7430138F /* PluginChartboost.framework */,
				48C242EDB9F0AE76D0267B91 /* Chartboost.framework */,
				F12C4A668732911C0B6EC182 /* PluginIAP.framework */,
			);
			name = Frameworks;
			sourceTree = "<group>";
		};
		46880B7519C43A67006E1F66 /* Resources */ = {
			isa = PBXGroup;
			children = (
			);
			name = Resources;
			path = ../Resources;
			sourceTree = "<group>";
		};
		46880B8319C43A87006E1F66 /* Classes */ = {
			isa = PBXGroup;
			children = (
				A415C9391E08EADE00B81E0C /* AlbumScene.cpp */,
				A415C93A1E08EADE00B81E0C /* AlbumScene.h */,
				A415C93B1E08EADE00B81E0C /* AppDelegate.cpp */,
				A415C93C1E08EADE00B81E0C /* AppDelegate.h */,
				A415C93D1E08EADE00B81E0C /* BaseScene.cpp */,
				A415C93E1E08EADE00B81E0C /* BaseScene.h */,
				A415C93F1E08EADE00B81E0C /* Constants */,
				A415C9441E08EADE00B81E0C /* Helper */,
				A415C94E1E08EADE00B81E0C /* HomeScene.cpp */,
				A415C94F1E08EADE00B81E0C /* HomeScene.h */,
				A415C9501E08EADE00B81E0C /* jansson */,
				A415C9611E08EADE00B81E0C /* LevelScene.cpp */,
				A415C9621E08EADE00B81E0C /* LevelScene.h */,
				A415C9631E08EADE00B81E0C /* NDKHelper */,
				A415C9681E08EADE00B81E0C /* PacketScene.cpp */,
				A415C9691E08EADE00B81E0C /* PacketScene.h */,
				A415C96A1E08EADE00B81E0C /* SettingScene.cpp */,
				A415C96B1E08EADE00B81E0C /* SettingScene.h */,
				A415C96C1E08EADE00B81E0C /* SplashScene.cpp */,
				A415C96D1E08EADE00B81E0C /* SplashScene.h */,
				A415C96E1E08EADE00B81E0C /* StickerScene.cpp */,
				A415C96F1E08EADE00B81E0C /* StickerScene.h */,
				A415C9701E08EADE00B81E0C /* Trading */,
				A415C97D1E08EADE00B81E0C /* View */,
			);
			name = Classes;
			path = ../Classes;
			sourceTree = "<group>";
		};
		503AE0F517EB97AB00D1A890 /* Icons */ = {
			isa = PBXGroup;
			children = (
				503AE0F617EB97AB00D1A890 /* Icon.icns */,
				503AE0F717EB97AB00D1A890 /* Info.plist */,
			);
			name = Icons;
			path = mac;
			sourceTree = SOURCE_ROOT;
		};
		503AE10617EB990700D1A890 /* mac */ = {
			isa = PBXGroup;
			children = (
				503AE0F517EB97AB00D1A890 /* Icons */,
				503AE10317EB98FF00D1A890 /* main.cpp */,
				503AE10417EB98FF00D1A890 /* Prefix.pch */,
			);
			name = mac;
			sourceTree = "<group>";
		};
		5087E77117EB970100C73F5D /* Icons */ = {
			isa = PBXGroup;
			children = (
				521A8E6219F0C34300D177D7 /* Default-667h@2x.png */,
				521A8E6319F0C34300D177D7 /* Default-736h@3x.png */,
				5087E77217EB970100C73F5D /* Default-568h@2x.png */,
				5087E77317EB970100C73F5D /* Default.png */,
				5087E77417EB970100C73F5D /* Default@2x.png */,
				50EF62A017ECD613001EB2F8 /* Icon-29.png */,
				50EF62A117ECD613001EB2F8 /* Icon-50.png */,
				50EF629217ECD46A001EB2F8 /* Icon-40.png */,
				50EF629317ECD46A001EB2F8 /* Icon-58.png */,
				50EF629417ECD46A001EB2F8 /* Icon-80.png */,
				50EF629517ECD46A001EB2F8 /* Icon-100.png */,
				5087E77517EB970100C73F5D /* Icon-114.png */,
				5087E77617EB970100C73F5D /* Icon-120.png */,
				5087E77717EB970100C73F5D /* Icon-144.png */,
				5087E77817EB970100C73F5D /* Icon-152.png */,
				5087E77917EB970100C73F5D /* Icon-57.png */,
				5087E77A17EB970100C73F5D /* Icon-72.png */,
				5087E77B17EB970100C73F5D /* Icon-76.png */,
				5087E77C17EB970100C73F5D /* Info.plist */,
			);
			name = Icons;
			path = ios;
			sourceTree = SOURCE_ROOT;
		};
		A415C93F1E08EADE00B81E0C /* Constants */ = {
			isa = PBXGroup;
			children = (
				A415C9401E08EADE00B81E0C /* Constants.h */,
				A415C9411E08EADE00B81E0C /* Resources.h */,
				A415C9421E08EADE00B81E0C /* RiddleResource.h */,
				A415C9431E08EADE00B81E0C /* StickerResource.h */,
			);
			path = Constants;
			sourceTree = "<group>";
		};
		A415C9441E08EADE00B81E0C /* Helper */ = {
			isa = PBXGroup;
			children = (
				A415C9451E08EADE00B81E0C /* CppUtils.cpp */,
				A415C9461E08EADE00B81E0C /* CppUtils.h */,
				A415C9471E08EADE00B81E0C /* CustomDirector.h */,
				A415C9481E08EADE00B81E0C /* RiddleHelper.cpp */,
				A415C9491E08EADE00B81E0C /* RiddleHelper.h */,
				A415C94A1E08EADE00B81E0C /* SocialPlugin.cpp */,
				A415C94B1E08EADE00B81E0C /* SocialPlugin.h */,
				A415C94C1E08EADE00B81E0C /* StickerHelper.cpp */,
				A415C94D1E08EADE00B81E0C /* StickerHelper.h */,
			);
			path = Helper;
			sourceTree = "<group>";
		};
		A415C9501E08EADE00B81E0C /* jansson */ = {
			isa = PBXGroup;
			children = (
				A415C9511E08EADE00B81E0C /* dump.c */,
				A415C9521E08EADE00B81E0C /* error.c */,
				A415C9531E08EADE00B81E0C /* hashtable.c */,
				A415C9541E08EADE00B81E0C /* hashtable.h */,
				A415C9551E08EADE00B81E0C /* jansson.h */,
				A415C9561E08EADE00B81E0C /* jansson_config.h */,
				A415C9571E08EADE00B81E0C /* jansson_private.h */,
				A415C9581E08EADE00B81E0C /* load.c */,
				A415C9591E08EADE00B81E0C /* memory.c */,
				A415C95A1E08EADE00B81E0C /* pack_unpack.c */,
				A415C95B1E08EADE00B81E0C /* strbuffer.c */,
				A415C95C1E08EADE00B81E0C /* strbuffer.h */,
				A415C95D1E08EADE00B81E0C /* strconv.c */,
				A415C95E1E08EADE00B81E0C /* utf.c */,
				A415C95F1E08EADE00B81E0C /* utf.h */,
				A415C9601E08EADE00B81E0C /* value.c */,
			);
			path = jansson;
			sourceTree = "<group>";
		};
		A415C9631E08EADE00B81E0C /* NDKHelper */ = {
			isa = PBXGroup;
			children = (
				A415C9641E08EADE00B81E0C /* NDKCallbackNode.cpp */,
				A415C9651E08EADE00B81E0C /* NDKCallbackNode.h */,
				A415C9661E08EADE00B81E0C /* NDKHelper.cpp */,
				A415C9671E08EADE00B81E0C /* NDKHelper.h */,
			);
			path = NDKHelper;
			sourceTree = "<group>";
		};
		A415C9701E08EADE00B81E0C /* Trading */ = {
			isa = PBXGroup;
			children = (
				A415C9711E08EADE00B81E0C /* FacebookHandler */,
				A415C9741E08EADE00B81E0C /* FirebaseHandler */,
				A415C9771E08EADE00B81E0C /* Model */,
				A415C97B1E08EADE00B81E0C /* TradingScene.cpp */,
				A415C97C1E08EADE00B81E0C /* TradingScene.h */,
			);
			path = Trading;
			sourceTree = "<group>";
		};
		A415C9711E08EADE00B81E0C /* FacebookHandler */ = {
			isa = PBXGroup;
			children = (
				A415C9721E08EADE00B81E0C /* FacebookHandler.cpp */,
				A415C9731E08EADE00B81E0C /* FacebookHandler.h */,
			);
			path = FacebookHandler;
			sourceTree = "<group>";
		};
		A415C9741E08EADE00B81E0C /* FirebaseHandler */ = {
			isa = PBXGroup;
			children = (
				A415C9751E08EADE00B81E0C /* FirebaseHandler.cpp */,
				A415C9761E08EADE00B81E0C /* FirebaseHandler.h */,
			);
			path = FirebaseHandler;
			sourceTree = "<group>";
		};
		A415C9771E08EADE00B81E0C /* Model */ = {
			isa = PBXGroup;
			children = (
				A415C9781E08EADE00B81E0C /* BUserInfor.cpp */,
				A415C9791E08EADE00B81E0C /* BUserInfor.h */,
				A415C97A1E08EADE00B81E0C /* PendingRequest.h */,
			);
			path = Model;
			sourceTree = "<group>";
		};
		A415C97D1E08EADE00B81E0C /* View */ = {
			isa = PBXGroup;
			children = (
				A415C97E1E08EADE00B81E0C /* BLabel.cpp */,
				A415C97F1E08EADE00B81E0C /* BLabel.h */,
				A415C9801E08EADE00B81E0C /* BScrollView.cpp */,
				A415C9811E08EADE00B81E0C /* BScrollView.h */,
			);
			path = View;
			sourceTree = "<group>";
		};
/* End PBXGroup section */

/* Begin PBXNativeTarget section */
		1D6058900D05DD3D006BFB54 /* Wordzzle-mobile */ = {
			isa = PBXNativeTarget;
			buildConfigurationList = 1D6058960D05DD3E006BFB54 /* Build configuration list for PBXNativeTarget "Wordzzle-mobile" */;
			buildPhases = (
				1D60588D0D05DD3D006BFB54 /* Resources */,
				1D60588E0D05DD3D006BFB54 /* Sources */,
				1D60588F0D05DD3D006BFB54 /* Frameworks */,
			);
			buildRules = (
			);
			dependencies = (
				1AC6FB25180E99E1004C840B /* PBXTargetDependency */,
			);
			name = "Wordzzle-mobile";
			productName = iphone;
			productReference = 1D6058910D05DD3D006BFB54 /* Wordzzle-mobile.app */;
			productType = "com.apple.product-type.application";
		};
		5087E73D17EB910900C73F5D /* Wordzzle-desktop */ = {
			isa = PBXNativeTarget;
			buildConfigurationList = 5087E76C17EB910900C73F5D /* Build configuration list for PBXNativeTarget "Wordzzle-desktop" */;
			buildPhases = (
				5087E74817EB910900C73F5D /* Resources */,
				5087E75617EB910900C73F5D /* Sources */,
				5087E75C17EB910900C73F5D /* Frameworks */,
			);
			buildRules = (
			);
			dependencies = (
				1AC6FB16180E9959004C840B /* PBXTargetDependency */,
			);
			name = "Wordzzle-desktop";
			productName = iphone;
			productReference = 5087E76F17EB910900C73F5D /* Wordzzle-mobile.app */;
			productType = "com.apple.product-type.application";
		};
/* End PBXNativeTarget section */

/* Begin PBXProject section */
		29B97313FDCFA39411CA2CEA /* Project object */ = {
			isa = PBXProject;
			attributes = {
				LastUpgradeCheck = 0500;
				TargetAttributes = {
					1D6058900D05DD3D006BFB54 = {
						DevelopmentTeam = Y3RWGWJBV9;
						SystemCapabilities = {
							com.apple.Keychain = {
								enabled = 1;
							};
						};
					};
				};
			};
			buildConfigurationList = C01FCF4E08A954540054247B /* Build configuration list for PBXProject "Wordzzle" */;
			compatibilityVersion = "Xcode 3.2";
			developmentRegion = English;
			hasScannedForEncodings = 1;
			knownRegions = (
				English,
				Japanese,
				French,
				German,
			);
			mainGroup = 29B97314FDCFA39411CA2CEA /* CustomTemplate */;
			projectDirPath = "";
			projectReferences = (
				{
					ProductGroup = 1AC6FAE6180E9839004C840B /* Products */;
					ProjectRef = 1AC6FAE5180E9839004C840B /* cocos2d_libs.xcodeproj */;
				},
			);
			projectRoot = "";
			targets = (
				1D6058900D05DD3D006BFB54 /* Wordzzle-mobile */,
				5087E73D17EB910900C73F5D /* Wordzzle-desktop */,
			);
		};
/* End PBXProject section */

/* Begin PBXReferenceProxy section */
		1AC6FAF9180E9839004C840B /* libcocos2d Mac.a */ = {
			isa = PBXReferenceProxy;
			fileType = archive.ar;
			path = "libcocos2d Mac.a";
			remoteRef = 1AC6FAF8180E9839004C840B /* PBXContainerItemProxy */;
			sourceTree = BUILT_PRODUCTS_DIR;
		};
		1AC6FB07180E9839004C840B /* libcocos2d iOS.a */ = {
			isa = PBXReferenceProxy;
			fileType = archive.ar;
			path = "libcocos2d iOS.a";
			remoteRef = 1AC6FB06180E9839004C840B /* PBXContainerItemProxy */;
			sourceTree = BUILT_PRODUCTS_DIR;
		};
		A4257B811DFFFB0D0075B016 /* libcocos2d tvOS.a */ = {
			isa = PBXReferenceProxy;
			fileType = archive.ar;
			path = "libcocos2d tvOS.a";
			remoteRef = A4257B801DFFFB0D0075B016 /* PBXContainerItemProxy */;
			sourceTree = BUILT_PRODUCTS_DIR;
		};
/* End PBXReferenceProxy section */

/* Begin PBXResourcesBuildPhase section */
		1D60588D0D05DD3D006BFB54 /* Resources */ = {
			isa = PBXResourcesBuildPhase;
			buildActionMask = 2147483647;
			files = (
				A415C9361E08EABE00B81E0C /* sticker in Resources */,
				5087E78117EB970100C73F5D /* Icon-120.png in Resources */,
				5087E78617EB970100C73F5D /* Icon-76.png in Resources */,
				5087E77F17EB970100C73F5D /* Default@2x.png in Resources */,
				A415C92F1E08EABE00B81E0C /* packetscene in Resources */,
				A415C9351E08EABE00B81E0C /* splashscene in Resources */,
				50EF629917ECD46A001EB2F8 /* Icon-100.png in Resources */,
				5087E78317EB970100C73F5D /* Icon-152.png in Resources */,
				A415C9291E08EABE00B81E0C /* albumscene in Resources */,
				A415C9341E08EABE00B81E0C /* splashlogo.png in Resources */,
				5087E77D17EB970100C73F5D /* Default-568h@2x.png in Resources */,
				5087E78517EB970100C73F5D /* Icon-72.png in Resources */,
				521A8E6519F0C34300D177D7 /* Default-736h@3x.png in Resources */,
				A415C9371E08EABE00B81E0C /* stickerscene in Resources */,
				50EF62A317ECD613001EB2F8 /* Icon-50.png in Resources */,
				5087E78017EB970100C73F5D /* Icon-114.png in Resources */,
				A415C92B1E08EABE00B81E0C /* fonts in Resources */,
				50EF62A217ECD613001EB2F8 /* Icon-29.png in Resources */,
				A415C9311E08EABE00B81E0C /* sdkbox_config.json in Resources */,
				50EF629617ECD46A001EB2F8 /* Icon-40.png in Resources */,
				A415C9281E08EABE00B81E0C /* .DS_Store in Resources */,
				A415C9321E08EABE00B81E0C /* settingscene in Resources */,
				A415C9331E08EABE00B81E0C /* sound in Resources */,
				A415C92E1E08EABE00B81E0C /* levelscene in Resources */,
				5087E78217EB970100C73F5D /* Icon-144.png in Resources */,
				50EF629817ECD46A001EB2F8 /* Icon-80.png in Resources */,
				A415C92A1E08EABE00B81E0C /* background.png in Resources */,
				A415C9381E08EABE00B81E0C /* tradescene in Resources */,
				A415C92D1E08EABE00B81E0C /* layer in Resources */,
				A415C92C1E08EABE00B81E0C /* homescene in Resources */,
				5087E78417EB970100C73F5D /* Icon-57.png in Resources */,
				A415C9301E08EABE00B81E0C /* playscene in Resources */,
				5087E77E17EB970100C73F5D /* Default.png in Resources */,
				521A8E6419F0C34300D177D7 /* Default-667h@2x.png in Resources */,
				50EF629717ECD46A001EB2F8 /* Icon-58.png in Resources */,
			);
			runOnlyForDeploymentPostprocessing = 0;
		};
		5087E74817EB910900C73F5D /* Resources */ = {
			isa = PBXResourcesBuildPhase;
			buildActionMask = 2147483647;
			files = (
				503AE0F817EB97AB00D1A890 /* Icon.icns in Resources */,
			);
			runOnlyForDeploymentPostprocessing = 0;
		};
/* End PBXResourcesBuildPhase section */

/* Begin PBXSourcesBuildPhase section */
		1D60588E0D05DD3D006BFB54 /* Sources */ = {
			isa = PBXSourcesBuildPhase;
			buildActionMask = 2147483647;
			files = (
				503AE10017EB989F00D1A890 /* AppController.mm in Sources */,
				A415C9941E08EADE00B81E0C /* LevelScene.cpp in Sources */,
				503AE10217EB989F00D1A890 /* RootViewController.mm in Sources */,
				A415C98E1E08EADE00B81E0C /* memory.c in Sources */,
				A415C9901E08EADE00B81E0C /* strbuffer.c in Sources */,
				A415C98C1E08EADE00B81E0C /* hashtable.c in Sources */,
				A415C9831E08EADE00B81E0C /* AppDelegate.cpp in Sources */,
				A415C9931E08EADE00B81E0C /* value.c in Sources */,
				A415C9971E08EADE00B81E0C /* PacketScene.cpp in Sources */,
				A415C9951E08EADE00B81E0C /* NDKCallbackNode.cpp in Sources */,
				A415C9911E08EADE00B81E0C /* strconv.c in Sources */,
				A415C98B1E08EADE00B81E0C /* error.c in Sources */,
				A415C99A1E08EADE00B81E0C /* StickerScene.cpp in Sources */,
				A415C9961E08EADE00B81E0C /* NDKHelper.cpp in Sources */,
				A415C99B1E08EADE00B81E0C /* FacebookHandler.cpp in Sources */,
				A415C9841E08EADE00B81E0C /* BaseScene.cpp in Sources */,
				A415C9821E08EADE00B81E0C /* AlbumScene.cpp in Sources */,
				A415C98A1E08EADE00B81E0C /* dump.c in Sources */,
				A415C9A01E08EADE00B81E0C /* BScrollView.cpp in Sources */,
				A415C9861E08EADE00B81E0C /* RiddleHelper.cpp in Sources */,
				503AE10117EB989F00D1A890 /* main.m in Sources */,
				A415C98D1E08EADE00B81E0C /* load.c in Sources */,
				A415C99C1E08EADE00B81E0C /* FirebaseHandler.cpp in Sources */,
				A415C9991E08EADE00B81E0C /* SplashScene.cpp in Sources */,
				A415C9871E08EADE00B81E0C /* SocialPlugin.cpp in Sources */,
				A415C99F1E08EADE00B81E0C /* BLabel.cpp in Sources */,
				A415C99E1E08EADE00B81E0C /* TradingScene.cpp in Sources */,
				A415C99D1E08EADE00B81E0C /* BUserInfor.cpp in Sources */,
				A415C9851E08EADE00B81E0C /* CppUtils.cpp in Sources */,
				A415C9981E08EADE00B81E0C /* SettingScene.cpp in Sources */,
				A415C98F1E08EADE00B81E0C /* pack_unpack.c in Sources */,
				A415C9921E08EADE00B81E0C /* utf.c in Sources */,
				A415C9881E08EADE00B81E0C /* StickerHelper.cpp in Sources */,
				A415C9891E08EADE00B81E0C /* HomeScene.cpp in Sources */,
			);
			runOnlyForDeploymentPostprocessing = 0;
		};
		5087E75617EB910900C73F5D /* Sources */ = {
			isa = PBXSourcesBuildPhase;
			buildActionMask = 2147483647;
			files = (
				503AE10517EB98FF00D1A890 /* main.cpp in Sources */,
			);
			runOnlyForDeploymentPostprocessing = 0;
		};
/* End PBXSourcesBuildPhase section */

/* Begin PBXTargetDependency section */
		1AC6FB16180E9959004C840B /* PBXTargetDependency */ = {
			isa = PBXTargetDependency;
			name = "cocos2dx Mac";
			targetProxy = 1AC6FB15180E9959004C840B /* PBXContainerItemProxy */;
		};
		1AC6FB25180E99E1004C840B /* PBXTargetDependency */ = {
			isa = PBXTargetDependency;
			name = "cocos2dx iOS";
			targetProxy = 1AC6FB24180E99E1004C840B /* PBXContainerItemProxy */;
		};
/* End PBXTargetDependency section */

/* Begin XCBuildConfiguration section */
		1D6058940D05DD3E006BFB54 /* Debug */ = {
			isa = XCBuildConfiguration;
			buildSettings = {
				ALWAYS_SEARCH_USER_PATHS = YES;
				CODE_SIGN_ENTITLEMENTS = "Wordzzle-mobile.entitlements";
				CODE_SIGN_IDENTITY = "iPhone Developer";
				COMPRESS_PNG_FILES = NO;
				ENABLE_BITCODE = NO;
				FRAMEWORK_SEARCH_PATHS = "\"$(SRCROOT)\"";
				GCC_DYNAMIC_NO_PIC = NO;
				GCC_INLINES_ARE_PRIVATE_EXTERN = NO;
				GCC_PRECOMPILE_PREFIX_HEADER = YES;
				GCC_PREFIX_HEADER = ios/Prefix.pch;
				GCC_PREPROCESSOR_DEFINITIONS = (
					USE_FILE32API,
					"COCOS2D_DEBUG=1",
					"CC_ENABLE_CHIPMUNK_INTEGRATION=1",
				);
				GCC_SYMBOLS_PRIVATE_EXTERN = NO;
				HEADER_SEARCH_PATHS = "$(inherited)";
				INFOPLIST_FILE = ios/Info.plist;
				IPHONEOS_DEPLOYMENT_TARGET = 6.0;
				LIBRARY_SEARCH_PATHS = (
					"\"sdkbox.framework\"",
					"\"PluginFacebook.framework\"",
					"\"FBSDKCoreKit.framework\"",
					"\"FBSDKLoginKit.framework\"",
					"\"FBSDKShareKit.framework\"",
					"\"PluginAdMob.framework\"",
					"\"GoogleMobileAds.framework\"",
					"\"PluginChartboost.framework\"",
					"\"Chartboost.framework\"",
					"\"PluginIAP.framework\"",
				);
				OTHER_CFLAGS = "-DSDKBOX_ENABLED";
				OTHER_LDFLAGS = (
					"$(_COCOS_LIB_IOS_BEGIN)",
					"$(_COCOS_LIB_IOS_END)",
					"-ObjC",
				);
				PRODUCT_BUNDLE_IDENTIFIER = com.worldzzle.in;
				PRODUCT_NAME = "Wordzzle-mobile";
				SDKROOT = iphoneos;
				STRIP_PNG_TEXT = NO;
				TARGETED_DEVICE_FAMILY = "1,2";
				USER_HEADER_SEARCH_PATHS = "$(_COCOS_HEADER_IOS_BEGIN) $(_COCOS_HEADER_IOS_END)";
				VALID_ARCHS = "arm64 armv7";
			};
			name = Debug;
		};
		1D6058950D05DD3E006BFB54 /* Release */ = {
			isa = XCBuildConfiguration;
			buildSettings = {
				ALWAYS_SEARCH_USER_PATHS = YES;
				CODE_SIGN_ENTITLEMENTS = "Wordzzle-mobile.entitlements";
				CODE_SIGN_IDENTITY = "iPhone Developer";
				COMPRESS_PNG_FILES = NO;
				ENABLE_BITCODE = NO;
				FRAMEWORK_SEARCH_PATHS = "\"$(SRCROOT)\"";
				GCC_INLINES_ARE_PRIVATE_EXTERN = NO;
				GCC_PRECOMPILE_PREFIX_HEADER = YES;
				GCC_PREFIX_HEADER = ios/Prefix.pch;
				GCC_PREPROCESSOR_DEFINITIONS = (
					USE_FILE32API,
					"CC_ENABLE_CHIPMUNK_INTEGRATION=1",
				);
				GCC_SYMBOLS_PRIVATE_EXTERN = NO;
				HEADER_SEARCH_PATHS = "$(inherited)";
				INFOPLIST_FILE = ios/Info.plist;
				IPHONEOS_DEPLOYMENT_TARGET = 6.0;
				LIBRARY_SEARCH_PATHS = (
					"\"sdkbox.framework\"",
					"\"PluginFacebook.framework\"",
					"\"FBSDKCoreKit.framework\"",
					"\"FBSDKLoginKit.framework\"",
					"\"FBSDKShareKit.framework\"",
					"\"PluginAdMob.framework\"",
					"\"GoogleMobileAds.framework\"",
					"\"PluginChartboost.framework\"",
					"\"Chartboost.framework\"",
					"\"PluginIAP.framework\"",
				);
				OTHER_CFLAGS = "-DSDKBOX_ENABLED";
				OTHER_LDFLAGS = (
					"$(_COCOS_LIB_IOS_BEGIN)",
					"$(_COCOS_LIB_IOS_END)",
					"-ObjC",
				);
				PRODUCT_BUNDLE_IDENTIFIER = com.worldzzle.in;
				PRODUCT_NAME = "Wordzzle-mobile";
				SDKROOT = iphoneos;
				STRIP_PNG_TEXT = NO;
				TARGETED_DEVICE_FAMILY = "1,2";
				USER_HEADER_SEARCH_PATHS = "$(_COCOS_HEADER_IOS_BEGIN) $(_COCOS_HEADER_IOS_END)";
				VALID_ARCHS = "arm64 armv7";
			};
			name = Release;
		};
		5087E76D17EB910900C73F5D /* Debug */ = {
			isa = XCBuildConfiguration;
			buildSettings = {
				ALWAYS_SEARCH_USER_PATHS = YES;
				ARCHS = "$(ARCHS_STANDARD_64_BIT)";
				CLANG_CXX_LANGUAGE_STANDARD = "c++0x";
				CLANG_CXX_LIBRARY = "libc++";
				GCC_DYNAMIC_NO_PIC = NO;
				GCC_INLINES_ARE_PRIVATE_EXTERN = NO;
				GCC_PRECOMPILE_PREFIX_HEADER = YES;
				GCC_PREFIX_HEADER = mac/Prefix.pch;
				GCC_PREPROCESSOR_DEFINITIONS = (
					USE_FILE32API,
					"COCOS2D_DEBUG=1",
					"CC_ENABLE_CHIPMUNK_INTEGRATION=1",
				);
				GCC_SYMBOLS_PRIVATE_EXTERN = NO;
				HEADER_SEARCH_PATHS = (
					"$(inherited)",
					"$(SRCROOT)/../cocos2d/external/glfw3/include/mac",
				);
				INFOPLIST_FILE = mac/Info.plist;
				LIBRARY_SEARCH_PATHS = "";
				OTHER_LDFLAGS = (
					"$(_COCOS_LIB_MAC_BEGIN)",
					"$(_COCOS_LIB_MAC_END)",
				);
				PRODUCT_NAME = "Wordzzle-mobile";
				USER_HEADER_SEARCH_PATHS = "$(_COCOS_HEADER_MAC_BEGIN) $(_COCOS_HEADER_MAC_END)";
			};
			name = Debug;
		};
		5087E76E17EB910900C73F5D /* Release */ = {
			isa = XCBuildConfiguration;
			buildSettings = {
				ALWAYS_SEARCH_USER_PATHS = YES;
				ARCHS = "$(ARCHS_STANDARD_64_BIT)";
				CLANG_CXX_LANGUAGE_STANDARD = "c++0x";
				CLANG_CXX_LIBRARY = "libc++";
				GCC_INLINES_ARE_PRIVATE_EXTERN = NO;
				GCC_PRECOMPILE_PREFIX_HEADER = YES;
				GCC_PREFIX_HEADER = mac/Prefix.pch;
				GCC_PREPROCESSOR_DEFINITIONS = (
					USE_FILE32API,
					"CC_ENABLE_CHIPMUNK_INTEGRATION=1",
				);
				GCC_SYMBOLS_PRIVATE_EXTERN = NO;
				HEADER_SEARCH_PATHS = (
					"$(inherited)",
					"$(SRCROOT)/../cocos2d/external/glfw3/include/mac",
				);
				INFOPLIST_FILE = mac/Info.plist;
				LIBRARY_SEARCH_PATHS = "";
				OTHER_LDFLAGS = (
					"$(_COCOS_LIB_MAC_BEGIN)",
					"$(_COCOS_LIB_MAC_END)",
				);
				PRODUCT_NAME = "Wordzzle-mobile";
				USER_HEADER_SEARCH_PATHS = "$(_COCOS_HEADER_MAC_BEGIN) $(_COCOS_HEADER_MAC_END)";
			};
			name = Release;
		};
		C01FCF4F08A954540054247B /* Debug */ = {
			isa = XCBuildConfiguration;
			buildSettings = {
				CLANG_CXX_LANGUAGE_STANDARD = "c++0x";
				CLANG_CXX_LIBRARY = "libc++";
				COPY_PHASE_STRIP = NO;
				GCC_OPTIMIZATION_LEVEL = 0;
				GCC_WARN_ABOUT_RETURN_TYPE = YES;
				GCC_WARN_UNUSED_VARIABLE = YES;
				HEADER_SEARCH_PATHS = (
					"$(SRCROOT)/../cocos2d",
					"$(SRCROOT)/../cocos2d/cocos/audio/include",
					"$(SRCROOT)/../cocos2d/cocos",
					"$(SRCROOT)/../cocos2d/extensions",
					"$(SRCROOT)/../cocos2d/external",
					"$(SRCROOT)/../cocos2d/external/chipmunk/include/chipmunk",
				);
				IPHONEOS_DEPLOYMENT_TARGET = 6.0;
				MACOSX_DEPLOYMENT_TARGET = 10.7;
				ONLY_ACTIVE_ARCH = YES;
				PRODUCT_NAME = "$(TARGET_NAME)";
				SDKROOT = macosx;
			};
			name = Debug;
		};
		C01FCF5008A954540054247B /* Release */ = {
			isa = XCBuildConfiguration;
			buildSettings = {
				CLANG_CXX_LANGUAGE_STANDARD = "c++0x";
				CLANG_CXX_LIBRARY = "libc++";
				GCC_WARN_ABOUT_RETURN_TYPE = YES;
				GCC_WARN_UNUSED_VARIABLE = YES;
				HEADER_SEARCH_PATHS = (
					"$(SRCROOT)/../cocos2d",
					"$(SRCROOT)/../cocos2d/cocos/audio/include",
					"$(SRCROOT)/../cocos2d/cocos",
					"$(SRCROOT)/../cocos2d/extensions",
					"$(SRCROOT)/../cocos2d/external",
					"$(SRCROOT)/../cocos2d/external/chipmunk/include/chipmunk",
				);
				IPHONEOS_DEPLOYMENT_TARGET = 6.0;
				MACOSX_DEPLOYMENT_TARGET = 10.7;
				OTHER_CFLAGS = "-DNS_BLOCK_ASSERTIONS=1";
				PRODUCT_NAME = "$(TARGET_NAME)";
				SDKROOT = macosx;
				VALIDATE_PRODUCT = YES;
			};
			name = Release;
		};
/* End XCBuildConfiguration section */

/* Begin XCConfigurationList section */
		1D6058960D05DD3E006BFB54 /* Build configuration list for PBXNativeTarget "Wordzzle-mobile" */ = {
			isa = XCConfigurationList;
			buildConfigurations = (
				1D6058940D05DD3E006BFB54 /* Debug */,
				1D6058950D05DD3E006BFB54 /* Release */,
			);
			defaultConfigurationIsVisible = 0;
			defaultConfigurationName = Debug;
		};
		5087E76C17EB910900C73F5D /* Build configuration list for PBXNativeTarget "Wordzzle-desktop" */ = {
			isa = XCConfigurationList;
			buildConfigurations = (
				5087E76D17EB910900C73F5D /* Debug */,
				5087E76E17EB910900C73F5D /* Release */,
			);
			defaultConfigurationIsVisible = 0;
			defaultConfigurationName = Debug;
		};
		C01FCF4E08A954540054247B /* Build configuration list for PBXProject "Wordzzle" */ = {
			isa = XCConfigurationList;
			buildConfigurations = (
				C01FCF4F08A954540054247B /* Debug */,
				C01FCF5008A954540054247B /* Release */,
			);
			defaultConfigurationIsVisible = 0;
			defaultConfigurationName = Debug;
		};
/* End XCConfigurationList section */
	};
	rootObject = 29B97313FDCFA39411CA2CEA /* Project object */;
}
